<?xml version="1.0" encoding="utf-8"?>
<Project ToolsVersion="4.0" xmlns="http://schemas.microsoft.com/developer/msbuild/2003">
  <ItemGroup>
    <Filter Include="Source Files">
      <UniqueIdentifier>{dba41226-6627-464e-800e-dcb73263a71f}</UniqueIdentifier>
      <Extensions>cpp;c;cxx;rc;def;r;odl;idl;hpj;bat</Extensions>
    </Filter>
    <Filter Include="Header Files">
      <UniqueIdentifier>{b5f76de5-780e-4eed-85ac-1488e7da0b7c}</UniqueIdentifier>
      <Extensions>h;hpp;hxx;hm;inl</Extensions>
    </Filter>
  </ItemGroup>
  <ItemGroup>
    <ClCompile Include="..\common\gsPlatformSocket.c">
      <Filter>Source Files</Filter>
    </ClCompile>
    <ClCompile Include="..\common\gsPlatformThread.c">
      <Filter>Source Files</Filter>
    </ClCompile>
    <ClCompile Include="..\common\gsPlatformUtil.c">
      <Filter>Source Files</Filter>
    </ClCompile>
    <ClCompile Include="..\common\gsRC4.c">
      <Filter>Source Files</Filter>
    </ClCompile>
    <ClCompile Include="..\common\gsSHA1.c">
      <Filter>Source Files</Filter>
    </ClCompile>
    <ClCompile Include="..\common_win32\Win32Common.c">
      <Filter>Source Files</Filter>
    </ClCompile>
    <ClCompile Include="..\common\gsXML.c">
      <Filter>Source Files</Filter>
    </ClCompile>
    <ClCompile Include="..\common\gsStringUtil.c">
      <Filter>Source Files</Filter>
    </ClCompile>
    <ClCompile Include="..\common\gsSSL.c">
      <Filter>Source Files</Filter>
    </ClCompile>
    <ClCompile Include="..\shared\darray.c">
      <Filter>Source Files</Filter>
    </ClCompile>
    <ClCompile Include="..\common\gsAssert.c">
      <Filter>Source Files</Filter>
    </ClCompile>
    <ClCompile Include="..\common\gsCrypt.c">
      <Filter>Source Files</Filter>
    </ClCompile>
    <ClCompile Include="..\common\gsDebug.c">
      <Filter>Source Files</Filter>
    </ClCompile>
    <ClCompile Include="..\common\gsLargeInt.c">
      <Filter>Source Files</Filter>
    </ClCompile>
    <ClCompile Include="..\common\gsMemory.c">
      <Filter>Source Files</Filter>
    </ClCompile>
    <ClCompile Include="..\common\gsPlatform.c">
      <Filter>Source Files</Filter>
    </ClCompile>
    <ClCompile Include="..\shared\md5c.c">
      <Filter>Source Files</Filter>
    </ClCompile>
    <ClCompile Include="..\shared\hashtable.c">
      <Filter>Source Files</Filter>
    </ClCompile>
  </ItemGroup>
  <ItemGroup>
    <ClInclude Include="..\common\gsAssert.h">
      <Filter>Header Files</Filter>
    </ClInclude>
    <ClInclude Include="..\common\gsCommon.h">
      <Filter>Header Files</Filter>
    </ClInclude>
    <ClInclude Include="..\common\gsCrypt.h">
      <Filter>Header Files</Filter>
    </ClInclude>
    <ClInclude Include="..\common\gsDebug.h">
      <Filter>Header Files</Filter>
    </ClInclude>
    <ClInclude Include="..\common\gsLargeInt.h">
      <Filter>Header Files</Filter>
    </ClInclude>
    <ClInclude Include="..\common\gsMemory.h">
      <Filter>Header Files</Filter>
    </ClInclude>
    <ClInclude Include="..\common\gsPlatform.h">
      <Filter>Header Files</Filter>
    </ClInclude>
    <ClInclude Include="..\common\gsPlatformSocket.h">
      <Filter>Header Files</Filter>
    </ClInclude>
    <ClInclude Include="..\common\gsPlatformThread.h">
      <Filter>Header Files</Filter>
    </ClInclude>
    <ClInclude Include="..\common\gsPlatformUtil.h">
      <Filter>Header Files</Filter>
    </ClInclude>
    <ClInclude Include="..\common\gsRC4.h">
      <Filter>Header Files</Filter>
    </ClInclude>
    <ClInclude Include="..\common\gsSHA1.h">
      <Filter>Header Files</Filter>
    </ClInclude>
    <ClInclude Include="..\common\gsSSL.h">
      <Filter>Header Files</Filter>
    </ClInclude>
    <ClInclude Include="..\common\gsStringUtil.h">
      <Filter>Header Files</Filter>
    </ClInclude>
    <ClInclude Include="..\common\gsXML.h">
      <Filter>Header Files</Filter>
    </ClInclude>
    <ClInclude Include="..\shared\md5.h">
      <Filter>Header Files</Filter>
    </ClInclude>
    <ClInclude Include="..\shared\hashtable.h">
      <Filter>Header Files</Filter>
    </ClInclude>
    <ClInclude Include="..\shared\darray.h">
      <Filter>Header Files</Filter>
    </ClInclude>
  </ItemGroup>
</Project>