<?xml version="1.0" encoding="utf-8"?>
<Project ToolsVersion="4.0" xmlns="http://schemas.microsoft.com/developer/msbuild/2003">
  <ItemGroup>
    <Filter Include="Source Files">
      <UniqueIdentifier>{dba41226-6627-464e-800e-dcb73263a71f}</UniqueIdentifier>
      <Extensions>cpp;c;cxx;rc;def;r;odl;idl;hpj;bat</Extensions>
    </Filter>
    <Filter Include="Header Files">
      <UniqueIdentifier>{b5f76de5-780e-4eed-85ac-1488e7da0b7c}</UniqueIdentifier>
      <Extensions>h;hpp;hxx;hm;inl</Extensions>
    </Filter>
  </ItemGroup>
  <ItemGroup>
    <ClCompile Include="..\GP\gp.c">
      <Filter>Source Files</Filter>
    </ClCompile>
    <ClCompile Include="..\GP\gpi.c">
      <Filter>Source Files</Filter>
    </ClCompile>
    <ClCompile Include="..\GP\gpiBuddy.c">
      <Filter>Source Files</Filter>
    </ClCompile>
    <ClCompile Include="..\GP\gpiBuffer.c">
      <Filter>Source Files</Filter>
    </ClCompile>
    <ClCompile Include="..\GP\gpiCallback.c">
      <Filter>Source Files</Filter>
    </ClCompile>
    <ClCompile Include="..\GP\gpiConnect.c">
      <Filter>Source Files</Filter>
    </ClCompile>
    <ClCompile Include="..\GP\gpiInfo.c">
      <Filter>Source Files</Filter>
    </ClCompile>
    <ClCompile Include="..\GP\gpiKeys.c">
      <Filter>Source Files</Filter>
    </ClCompile>
    <ClCompile Include="..\GP\gpiOperation.c">
      <Filter>Source Files</Filter>
    </ClCompile>
    <ClCompile Include="..\GP\gpiPeer.c">
      <Filter>Source Files</Filter>
    </ClCompile>
    <ClCompile Include="..\GP\gpiProfile.c">
      <Filter>Source Files</Filter>
    </ClCompile>
    <ClCompile Include="..\GP\gpiPS3.c">
      <Filter>Source Files</Filter>
    </ClCompile>
    <ClCompile Include="..\GP\gpiSearch.c">
      <Filter>Source Files</Filter>
    </ClCompile>
    <ClCompile Include="..\GP\gpiTransfer.c">
      <Filter>Source Files</Filter>
    </ClCompile>
    <ClCompile Include="..\GP\gpiUnique.c">
      <Filter>Source Files</Filter>
    </ClCompile>
    <ClCompile Include="..\GP\gpiUtility.c">
      <Filter>Source Files</Filter>
    </ClCompile>
  </ItemGroup>
  <ItemGroup>
    <ClInclude Include="..\GP\gp.h">
      <Filter>Header Files</Filter>
    </ClInclude>
    <ClInclude Include="..\GP\gpi.h">
      <Filter>Header Files</Filter>
    </ClInclude>
    <ClInclude Include="..\GP\gpiBuddy.h">
      <Filter>Header Files</Filter>
    </ClInclude>
    <ClInclude Include="..\GP\gpiBuffer.h">
      <Filter>Header Files</Filter>
    </ClInclude>
    <ClInclude Include="..\GP\gpiCallback.h">
      <Filter>Header Files</Filter>
    </ClInclude>
    <ClInclude Include="..\GP\gpiConnect.h">
      <Filter>Header Files</Filter>
    </ClInclude>
    <ClInclude Include="..\GP\gpiInfo.h">
      <Filter>Header Files</Filter>
    </ClInclude>
    <ClInclude Include="..\GP\gpiKeys.h">
      <Filter>Header Files</Filter>
    </ClInclude>
    <ClInclude Include="..\GP\gpiOperation.h">
      <Filter>Header Files</Filter>
    </ClInclude>
    <ClInclude Include="..\GP\gpiPeer.h">
      <Filter>Header Files</Filter>
    </ClInclude>
    <ClInclude Include="..\GP\gpiProfile.h">
      <Filter>Header Files</Filter>
    </ClInclude>
    <ClInclude Include="..\GP\gpiPS3.h">
      <Filter>Header Files</Filter>
    </ClInclude>
    <ClInclude Include="..\GP\gpiSearch.h">
      <Filter>Header Files</Filter>
    </ClInclude>
    <ClInclude Include="..\GP\gpiTransfer.h">
      <Filter>Header Files</Filter>
    </ClInclude>
    <ClInclude Include="..\GP\gpiUnique.h">
      <Filter>Header Files</Filter>
    </ClInclude>
    <ClInclude Include="..\GP\gpiUtility.h">
      <Filter>Header Files</Filter>
    </ClInclude>
  </ItemGroup>
</Project>