
Microsoft Visual Studio Solution File, Format Version 12.00
# Visual Studio 15
VisualStudioVersion = 15.0.26730.12
MinimumVisualStudioVersion = 10.0.40219.1
Project("{8BC9CEB8-8B4A-11D0-8D11-00A0C91BC942}") = "common", "common.vcxproj", "{75D6C79F-699B-4C66-ADC8-818E77295A08}"
EndProject
Project("{8BC9CEB8-8B4A-11D0-8D11-00A0C91BC942}") = "ghttp", "ghttp.vcxproj", "{1EBCEA7A-712C-495C-AA4D-D3FDA7D8685A}"
EndProject
Project("{8BC9CEB8-8B4A-11D0-8D11-00A0C91BC942}") = "brigades", "brigades.vcxproj", "{A8E072D3-3664-4E07-82D7-AF3507D52C40}"
EndProject
Project("{8BC9CEB8-8B4A-11D0-8D11-00A0C91BC942}") = "gcdkey", "gcdkey.vcxproj", "{B84041E6-DAE0-4458-A222-7F1A76C8C8BA}"
EndProject
Project("{8BC9CEB8-8B4A-11D0-8D11-00A0C91BC942}") = "qr2", "qr2.vcxproj", "{54DE3E69-59E0-4AB1-A687-76FA97616BE1}"
EndProject
Project("{8BC9CEB8-8B4A-11D0-8D11-00A0C91BC942}") = "natneg", "natneg.vcxproj", "{6B2B0D24-56EA-4168-B8CF-7DB1A2829A6E}"
EndProject
Project("{8BC9CEB8-8B4A-11D0-8D11-00A0C91BC942}") = "GP", "GP.vcxproj", "{7A206B2F-F1D6-4C27-A8EB-13C9EE8B4CAB}"
EndProject
Project("{8BC9CEB8-8B4A-11D0-8D11-00A0C91BC942}") = "gt2", "gt2.vcxproj", "{2EDAAE43-F747-4D0A-946E-F4D0F2491081}"
EndProject
Project("{8BC9CEB8-8B4A-11D0-8D11-00A0C91BC942}") = "gstats", "gstats.vcxproj", "{B2C14BAC-3600-41D2-BB0B-BBC462388B4E}"
EndProject
Project("{8BC9CEB8-8B4A-11D0-8D11-00A0C91BC942}") = "pinger", "pinger.vcxproj", "{CE37CD7F-1F13-48A3-A372-E96151B01BE0}"
EndProject
Project("{8BC9CEB8-8B4A-11D0-8D11-00A0C91BC942}") = "pt", "pt.vcxproj", "{F6C0D393-FA4A-47CC-8A75-986D041B131D}"
EndProject
Project("{8BC9CEB8-8B4A-11D0-8D11-00A0C91BC942}") = "sake", "sake.vcxproj", "{8E65BE16-C1E6-4B71-A1F3-1CDD78A39B34}"
EndProject
Project("{8BC9CEB8-8B4A-11D0-8D11-00A0C91BC942}") = "webservices", "webservices.vcxproj", "{6D4616E5-AAE2-4936-81F3-2015147C46A1}"
EndProject
Project("{8BC9CEB8-8B4A-11D0-8D11-00A0C91BC942}") = "serverbrowsing", "serverbrowsing.vcxproj", "{C0A9FA4C-7B01-4C78-954D-BB5B9CBA58D9}"
EndProject
Project("{8BC9CEB8-8B4A-11D0-8D11-00A0C91BC942}") = "sc", "sc.vcxproj", "{A0FAC66C-309C-440E-AFE4-AF617BA4D060}"
EndProject
Project("{8BC9CEB8-8B4A-11D0-8D11-00A0C91BC942}") = "Voice2", "Voice2.vcxproj", "{71A7407E-5775-4964-9D12-9BBB56BF5DEA}"
EndProject
Project("{8BC9CEB8-8B4A-11D0-8D11-00A0C91BC942}") = "libspeex", "..\Voice2\libspeex\win32\VS2017\libspeex\libspeex.vcxproj", "{E972C52F-9E85-4D65-B19C-031E511E9DB4}"
EndProject
Project("{2150E333-8FDC-42A3-9474-1A3956D46DE8}") = "External", "External", "{E3959DF9-FA3A-4ACF-AB02-50AAE078DD2B}"
EndProject
Project("{2150E333-8FDC-42A3-9474-1A3956D46DE8}") = "Tests", "Tests", "{DFAF7262-39B3-454C-8B4E-D88169E5F2B1}"
EndProject
Project("{8BC9CEB8-8B4A-11D0-8D11-00A0C91BC942}") = "ghttpmfc", "..\Tests\ghttpmfc\ghttpmfc.vcxproj", "{0DC21D1C-D515-43C9-969C-29B89E0A8A20}"
EndProject
Project("{8BC9CEB8-8B4A-11D0-8D11-00A0C91BC942}") = "ghttpc", "..\Tests\ghttpc\ghttpw32\ghttpc.vcxproj", "{98843D8B-9150-4B62-8560-BB9AB8E37926}"
EndProject
Project("{8BC9CEB8-8B4A-11D0-8D11-00A0C91BC942}") = "authtest", "..\Tests\authtest\authw32\authtest.vcxproj", "{DBAE204C-144E-4DA1-8233-80C822524AF9}"
EndProject
Project("{8BC9CEB8-8B4A-11D0-8D11-00A0C91BC942}") = "brigadesTest", "..\Tests\brigadesTest\brigadesTest.vcxproj", "{18E851E1-4664-45B6-8313-FF9693D1E9AB}"
EndProject
Project("{8BC9CEB8-8B4A-11D0-8D11-00A0C91BC942}") = "CdkeyGen", "..\Tests\CdkeyGen\CdkeyGen.vcxproj", "{25364C96-DA21-4ED5-AABD-BD3EFAB6357B}"
EndProject
Project("{8BC9CEB8-8B4A-11D0-8D11-00A0C91BC942}") = "ClientTest", "..\Tests\ClientTest\ClientTest.vcxproj", "{E6CF8D9C-138F-4940-B1F2-BE5F369F4034}"
EndProject
Project("{8BC9CEB8-8B4A-11D0-8D11-00A0C91BC942}") = "gp_stats", "..\Tests\gp_stats\gp_stats.vcxproj", "{498F506A-B4A6-41C7-897F-5327D3557E5A}"
EndProject
Project("{8BC9CEB8-8B4A-11D0-8D11-00A0C91BC942}") = "gpstress", "..\Tests\gpstress\gpstress.vcxproj", "{ADC08350-16C5-4822-A04A-1AD5133CF64D}"
EndProject
Project("{8BC9CEB8-8B4A-11D0-8D11-00A0C91BC942}") = "gptest", "..\Tests\gptest\gptest.vcxproj", "{E6B3FC4E-7F99-47F1-A57E-55ED2F3863A8}"
EndProject
Project("{8BC9CEB8-8B4A-11D0-8D11-00A0C91BC942}") = "gptestc", "..\Tests\gptestc\gpw32\gptestc.vcxproj", "{053EC363-5360-4CE4-B476-A5108293C5FA}"
EndProject
Project("{8BC9CEB8-8B4A-11D0-8D11-00A0C91BC942}") = "gt2action", "..\Tests\gt2action\gt2action.vcxproj", "{A982C0BF-D9A9-4CB3-91EA-C4D95CD96361}"
EndProject
Project("{8BC9CEB8-8B4A-11D0-8D11-00A0C91BC942}") = "gt2hostmig", "..\Tests\gt2hostmig\gt2hostmig.vcxproj", "{1CE7906B-6082-4042-B34F-9373D77DB425}"
EndProject
Project("{8BC9CEB8-8B4A-11D0-8D11-00A0C91BC942}") = "gt2nat", "..\Tests\gt2nat\gt2nat.vcxproj", "{1DDD5585-F0E6-45F3-92D6-BC671A9BA4E6}"
EndProject
Project("{8BC9CEB8-8B4A-11D0-8D11-00A0C91BC942}") = "gt2proxy", "..\Tests\gt2proxy\gt2proxy.vcxproj", "{48BE03E2-3540-4386-BC9E-7E4B9F35135F}"
EndProject
Project("{8BC9CEB8-8B4A-11D0-8D11-00A0C91BC942}") = "gt2test", "..\Tests\gt2test\gt2test.vcxproj", "{666F1A4F-216F-40D3-900F-7BAA3FEC31A9}"
EndProject
Project("{8BC9CEB8-8B4A-11D0-8D11-00A0C91BC942}") = "ladderTrack", "..\Tests\ladderTrack\ladderTrack.vcxproj", "{4E864039-AD93-4493-ACDE-836F3C15E240}"
EndProject
Project("{8BC9CEB8-8B4A-11D0-8D11-00A0C91BC942}") = "gt2testc", "..\Tests\gt2testc\gt2w32\gt2testc.vcxproj", "{CB6F5752-72AA-4F19-957A-BAC6EE1002A9}"
EndProject
Project("{8BC9CEB8-8B4A-11D0-8D11-00A0C91BC942}") = "multiTrack", "..\Tests\multiTrack\multiTrack.vcxproj", "{844143D4-0F5E-4943-852C-1FD3DA5F83FF}"
EndProject
Project("{8BC9CEB8-8B4A-11D0-8D11-00A0C91BC942}") = "simpletest", "..\Tests\natnegsimpletest\natnetw32\simpletest.vcxproj", "{B515ADDA-B172-4AFD-9434-7039AE31B892}"
EndProject
Project("{8BC9CEB8-8B4A-11D0-8D11-00A0C91BC942}") = "pingTest", "..\Tests\pingTest\pingTest.vcxproj", "{A4DFD8D0-DD9B-436C-83BE-EF6AF411C4C9}"
EndProject
Project("{8BC9CEB8-8B4A-11D0-8D11-00A0C91BC942}") = "persisttest", "..\Tests\persisttest\persistw32\persisttest.vcxproj", "{1AB01231-08D1-41C5-829A-6297850B0663}"
EndProject
Global
	GlobalSection(SolutionConfigurationPlatforms) = preSolution
		Debug_RTL_dll|x86 = Debug_RTL_dll|x86
		Debug_WM5_PPC_ARM|x86 = Debug_WM5_PPC_ARM|x86
		Debug|x86 = Debug|x86
		Release_Dynamic|x86 = Release_Dynamic|x86
		Release_RTL_dll|x86 = Release_RTL_dll|x86
		Release_SSE|x86 = Release_SSE|x86
		Release_SSE2|x86 = Release_SSE2|x86
		Release_WM5_PPC_ARM|x86 = Release_WM5_PPC_ARM|x86
		Release|x86 = Release|x86
		Template|x86 = Template|x86
		Unicode Debug|x86 = Unicode Debug|x86
		Unicode Release|x86 = Unicode Release|x86
	EndGlobalSection
	GlobalSection(ProjectConfigurationPlatforms) = postSolution
		{75D6C79F-699B-4C66-ADC8-818E77295A08}.Debug_RTL_dll|x86.ActiveCfg = Debug|Win32
		{75D6C79F-699B-4C66-ADC8-818E77295A08}.Debug_RTL_dll|x86.Build.0 = Debug|Win32
		{75D6C79F-699B-4C66-ADC8-818E77295A08}.Debug_WM5_PPC_ARM|x86.ActiveCfg = Debug|Win32
		{75D6C79F-699B-4C66-ADC8-818E77295A08}.Debug_WM5_PPC_ARM|x86.Build.0 = Debug|Win32
		{75D6C79F-699B-4C66-ADC8-818E77295A08}.Debug|x86.ActiveCfg = Debug|Win32
		{75D6C79F-699B-4C66-ADC8-818E77295A08}.Debug|x86.Build.0 = Debug|Win32
		{75D6C79F-699B-4C66-ADC8-818E77295A08}.Release_Dynamic|x86.ActiveCfg = Release|Win32
		{75D6C79F-699B-4C66-ADC8-818E77295A08}.Release_Dynamic|x86.Build.0 = Release|Win32
		{75D6C79F-699B-4C66-ADC8-818E77295A08}.Release_RTL_dll|x86.ActiveCfg = Release|Win32
		{75D6C79F-699B-4C66-ADC8-818E77295A08}.Release_RTL_dll|x86.Build.0 = Release|Win32
		{75D6C79F-699B-4C66-ADC8-818E77295A08}.Release_SSE|x86.ActiveCfg = Release|Win32
		{75D6C79F-699B-4C66-ADC8-818E77295A08}.Release_SSE|x86.Build.0 = Release|Win32
		{75D6C79F-699B-4C66-ADC8-818E77295A08}.Release_SSE2|x86.ActiveCfg = Release|Win32
		{75D6C79F-699B-4C66-ADC8-818E77295A08}.Release_SSE2|x86.Build.0 = Release|Win32
		{75D6C79F-699B-4C66-ADC8-818E77295A08}.Release_WM5_PPC_ARM|x86.ActiveCfg = Release|Win32
		{75D6C79F-699B-4C66-ADC8-818E77295A08}.Release_WM5_PPC_ARM|x86.Build.0 = Release|Win32
		{75D6C79F-699B-4C66-ADC8-818E77295A08}.Release|x86.ActiveCfg = Release|Win32
		{75D6C79F-699B-4C66-ADC8-818E77295A08}.Release|x86.Build.0 = Release|Win32
		{75D6C79F-699B-4C66-ADC8-818E77295A08}.Template|x86.ActiveCfg = Unicode Release|Win32
		{75D6C79F-699B-4C66-ADC8-818E77295A08}.Template|x86.Build.0 = Unicode Release|Win32
		{75D6C79F-699B-4C66-ADC8-818E77295A08}.Unicode Debug|x86.ActiveCfg = Unicode Debug|Win32
		{75D6C79F-699B-4C66-ADC8-818E77295A08}.Unicode Debug|x86.Build.0 = Unicode Debug|Win32
		{75D6C79F-699B-4C66-ADC8-818E77295A08}.Unicode Release|x86.ActiveCfg = Unicode Release|Win32
		{75D6C79F-699B-4C66-ADC8-818E77295A08}.Unicode Release|x86.Build.0 = Unicode Release|Win32
		{1EBCEA7A-712C-495C-AA4D-D3FDA7D8685A}.Debug_RTL_dll|x86.ActiveCfg = Debug|Win32
		{1EBCEA7A-712C-495C-AA4D-D3FDA7D8685A}.Debug_RTL_dll|x86.Build.0 = Debug|Win32
		{1EBCEA7A-712C-495C-AA4D-D3FDA7D8685A}.Debug_WM5_PPC_ARM|x86.ActiveCfg = Debug|Win32
		{1EBCEA7A-712C-495C-AA4D-D3FDA7D8685A}.Debug_WM5_PPC_ARM|x86.Build.0 = Debug|Win32
		{1EBCEA7A-712C-495C-AA4D-D3FDA7D8685A}.Debug|x86.ActiveCfg = Debug|Win32
		{1EBCEA7A-712C-495C-AA4D-D3FDA7D8685A}.Debug|x86.Build.0 = Debug|Win32
		{1EBCEA7A-712C-495C-AA4D-D3FDA7D8685A}.Release_Dynamic|x86.ActiveCfg = Release|Win32
		{1EBCEA7A-712C-495C-AA4D-D3FDA7D8685A}.Release_Dynamic|x86.Build.0 = Release|Win32
		{1EBCEA7A-712C-495C-AA4D-D3FDA7D8685A}.Release_RTL_dll|x86.ActiveCfg = Release|Win32
		{1EBCEA7A-712C-495C-AA4D-D3FDA7D8685A}.Release_RTL_dll|x86.Build.0 = Release|Win32
		{1EBCEA7A-712C-495C-AA4D-D3FDA7D8685A}.Release_SSE|x86.ActiveCfg = Release|Win32
		{1EBCEA7A-712C-495C-AA4D-D3FDA7D8685A}.Release_SSE|x86.Build.0 = Release|Win32
		{1EBCEA7A-712C-495C-AA4D-D3FDA7D8685A}.Release_SSE2|x86.ActiveCfg = Release|Win32
		{1EBCEA7A-712C-495C-AA4D-D3FDA7D8685A}.Release_SSE2|x86.Build.0 = Release|Win32
		{1EBCEA7A-712C-495C-AA4D-D3FDA7D8685A}.Release_WM5_PPC_ARM|x86.ActiveCfg = Release|Win32
		{1EBCEA7A-712C-495C-AA4D-D3FDA7D8685A}.Release_WM5_PPC_ARM|x86.Build.0 = Release|Win32
		{1EBCEA7A-712C-495C-AA4D-D3FDA7D8685A}.Release|x86.ActiveCfg = Release|Win32
		{1EBCEA7A-712C-495C-AA4D-D3FDA7D8685A}.Release|x86.Build.0 = Release|Win32
		{1EBCEA7A-712C-495C-AA4D-D3FDA7D8685A}.Template|x86.ActiveCfg = Unicode Release|Win32
		{1EBCEA7A-712C-495C-AA4D-D3FDA7D8685A}.Template|x86.Build.0 = Unicode Release|Win32
		{1EBCEA7A-712C-495C-AA4D-D3FDA7D8685A}.Template|x86.Deploy.0 = Unicode Release|Win32
		{1EBCEA7A-712C-495C-AA4D-D3FDA7D8685A}.Unicode Debug|x86.ActiveCfg = Unicode Debug|Win32
		{1EBCEA7A-712C-495C-AA4D-D3FDA7D8685A}.Unicode Debug|x86.Build.0 = Unicode Debug|Win32
		{1EBCEA7A-712C-495C-AA4D-D3FDA7D8685A}.Unicode Release|x86.ActiveCfg = Unicode Release|Win32
		{1EBCEA7A-712C-495C-AA4D-D3FDA7D8685A}.Unicode Release|x86.Build.0 = Unicode Release|Win32
		{A8E072D3-3664-4E07-82D7-AF3507D52C40}.Debug_RTL_dll|x86.ActiveCfg = Debug|Win32
		{A8E072D3-3664-4E07-82D7-AF3507D52C40}.Debug_RTL_dll|x86.Build.0 = Debug|Win32
		{A8E072D3-3664-4E07-82D7-AF3507D52C40}.Debug_RTL_dll|x86.Deploy.0 = Debug|Win32
		{A8E072D3-3664-4E07-82D7-AF3507D52C40}.Debug_WM5_PPC_ARM|x86.ActiveCfg = Debug|Win32
		{A8E072D3-3664-4E07-82D7-AF3507D52C40}.Debug_WM5_PPC_ARM|x86.Build.0 = Debug|Win32
		{A8E072D3-3664-4E07-82D7-AF3507D52C40}.Debug_WM5_PPC_ARM|x86.Deploy.0 = Debug|Win32
		{A8E072D3-3664-4E07-82D7-AF3507D52C40}.Debug|x86.ActiveCfg = Debug|Win32
		{A8E072D3-3664-4E07-82D7-AF3507D52C40}.Debug|x86.Build.0 = Debug|Win32
		{A8E072D3-3664-4E07-82D7-AF3507D52C40}.Release_Dynamic|x86.ActiveCfg = Release|Win32
		{A8E072D3-3664-4E07-82D7-AF3507D52C40}.Release_Dynamic|x86.Build.0 = Release|Win32
		{A8E072D3-3664-4E07-82D7-AF3507D52C40}.Release_Dynamic|x86.Deploy.0 = Release|Win32
		{A8E072D3-3664-4E07-82D7-AF3507D52C40}.Release_RTL_dll|x86.ActiveCfg = Release|Win32
		{A8E072D3-3664-4E07-82D7-AF3507D52C40}.Release_RTL_dll|x86.Build.0 = Release|Win32
		{A8E072D3-3664-4E07-82D7-AF3507D52C40}.Release_RTL_dll|x86.Deploy.0 = Release|Win32
		{A8E072D3-3664-4E07-82D7-AF3507D52C40}.Release_SSE|x86.ActiveCfg = Release|Win32
		{A8E072D3-3664-4E07-82D7-AF3507D52C40}.Release_SSE|x86.Build.0 = Release|Win32
		{A8E072D3-3664-4E07-82D7-AF3507D52C40}.Release_SSE|x86.Deploy.0 = Release|Win32
		{A8E072D3-3664-4E07-82D7-AF3507D52C40}.Release_SSE2|x86.ActiveCfg = Release|Win32
		{A8E072D3-3664-4E07-82D7-AF3507D52C40}.Release_SSE2|x86.Build.0 = Release|Win32
		{A8E072D3-3664-4E07-82D7-AF3507D52C40}.Release_SSE2|x86.Deploy.0 = Release|Win32
		{A8E072D3-3664-4E07-82D7-AF3507D52C40}.Release_WM5_PPC_ARM|x86.ActiveCfg = Release|Win32
		{A8E072D3-3664-4E07-82D7-AF3507D52C40}.Release_WM5_PPC_ARM|x86.Build.0 = Release|Win32
		{A8E072D3-3664-4E07-82D7-AF3507D52C40}.Release_WM5_PPC_ARM|x86.Deploy.0 = Release|Win32
		{A8E072D3-3664-4E07-82D7-AF3507D52C40}.Release|x86.ActiveCfg = Release|Win32
		{A8E072D3-3664-4E07-82D7-AF3507D52C40}.Release|x86.Build.0 = Release|Win32
		{A8E072D3-3664-4E07-82D7-AF3507D52C40}.Template|x86.ActiveCfg = Unicode Release|Win32
		{A8E072D3-3664-4E07-82D7-AF3507D52C40}.Template|x86.Build.0 = Unicode Release|Win32
		{A8E072D3-3664-4E07-82D7-AF3507D52C40}.Template|x86.Deploy.0 = Unicode Release|Win32
		{A8E072D3-3664-4E07-82D7-AF3507D52C40}.Unicode Debug|x86.ActiveCfg = Unicode Debug|Win32
		{A8E072D3-3664-4E07-82D7-AF3507D52C40}.Unicode Debug|x86.Build.0 = Unicode Debug|Win32
		{A8E072D3-3664-4E07-82D7-AF3507D52C40}.Unicode Release|x86.ActiveCfg = Unicode Release|Win32
		{A8E072D3-3664-4E07-82D7-AF3507D52C40}.Unicode Release|x86.Build.0 = Unicode Release|Win32
		{B84041E6-DAE0-4458-A222-7F1A76C8C8BA}.Debug_RTL_dll|x86.ActiveCfg = Debug|Win32
		{B84041E6-DAE0-4458-A222-7F1A76C8C8BA}.Debug_RTL_dll|x86.Build.0 = Debug|Win32
		{B84041E6-DAE0-4458-A222-7F1A76C8C8BA}.Debug_WM5_PPC_ARM|x86.ActiveCfg = Debug|Win32
		{B84041E6-DAE0-4458-A222-7F1A76C8C8BA}.Debug_WM5_PPC_ARM|x86.Build.0 = Debug|Win32
		{B84041E6-DAE0-4458-A222-7F1A76C8C8BA}.Debug|x86.ActiveCfg = Debug|Win32
		{B84041E6-DAE0-4458-A222-7F1A76C8C8BA}.Debug|x86.Build.0 = Debug|Win32
		{B84041E6-DAE0-4458-A222-7F1A76C8C8BA}.Release_Dynamic|x86.ActiveCfg = Release|Win32
		{B84041E6-DAE0-4458-A222-7F1A76C8C8BA}.Release_Dynamic|x86.Build.0 = Release|Win32
		{B84041E6-DAE0-4458-A222-7F1A76C8C8BA}.Release_RTL_dll|x86.ActiveCfg = Release|Win32
		{B84041E6-DAE0-4458-A222-7F1A76C8C8BA}.Release_RTL_dll|x86.Build.0 = Release|Win32
		{B84041E6-DAE0-4458-A222-7F1A76C8C8BA}.Release_SSE|x86.ActiveCfg = Release|Win32
		{B84041E6-DAE0-4458-A222-7F1A76C8C8BA}.Release_SSE|x86.Build.0 = Release|Win32
		{B84041E6-DAE0-4458-A222-7F1A76C8C8BA}.Release_SSE2|x86.ActiveCfg = Release|Win32
		{B84041E6-DAE0-4458-A222-7F1A76C8C8BA}.Release_SSE2|x86.Build.0 = Release|Win32
		{B84041E6-DAE0-4458-A222-7F1A76C8C8BA}.Release_WM5_PPC_ARM|x86.ActiveCfg = Release|Win32
		{B84041E6-DAE0-4458-A222-7F1A76C8C8BA}.Release_WM5_PPC_ARM|x86.Build.0 = Release|Win32
		{B84041E6-DAE0-4458-A222-7F1A76C8C8BA}.Release|x86.ActiveCfg = Release|Win32
		{B84041E6-DAE0-4458-A222-7F1A76C8C8BA}.Release|x86.Build.0 = Release|Win32
		{B84041E6-DAE0-4458-A222-7F1A76C8C8BA}.Template|x86.ActiveCfg = Unicode Release|Win32
		{B84041E6-DAE0-4458-A222-7F1A76C8C8BA}.Template|x86.Build.0 = Unicode Release|Win32
		{B84041E6-DAE0-4458-A222-7F1A76C8C8BA}.Template|x86.Deploy.0 = Unicode Release|Win32
		{B84041E6-DAE0-4458-A222-7F1A76C8C8BA}.Unicode Debug|x86.ActiveCfg = Unicode Debug|Win32
		{B84041E6-DAE0-4458-A222-7F1A76C8C8BA}.Unicode Debug|x86.Build.0 = Unicode Debug|Win32
		{B84041E6-DAE0-4458-A222-7F1A76C8C8BA}.Unicode Release|x86.ActiveCfg = Unicode Release|Win32
		{B84041E6-DAE0-4458-A222-7F1A76C8C8BA}.Unicode Release|x86.Build.0 = Unicode Release|Win32
		{54DE3E69-59E0-4AB1-A687-76FA97616BE1}.Debug_RTL_dll|x86.ActiveCfg = Debug|Win32
		{54DE3E69-59E0-4AB1-A687-76FA97616BE1}.Debug_RTL_dll|x86.Build.0 = Debug|Win32
		{54DE3E69-59E0-4AB1-A687-76FA97616BE1}.Debug_WM5_PPC_ARM|x86.ActiveCfg = Debug|Win32
		{54DE3E69-59E0-4AB1-A687-76FA97616BE1}.Debug_WM5_PPC_ARM|x86.Build.0 = Debug|Win32
		{54DE3E69-59E0-4AB1-A687-76FA97616BE1}.Debug|x86.ActiveCfg = Debug|Win32
		{54DE3E69-59E0-4AB1-A687-76FA97616BE1}.Debug|x86.Build.0 = Debug|Win32
		{54DE3E69-59E0-4AB1-A687-76FA97616BE1}.Release_Dynamic|x86.ActiveCfg = Release|Win32
		{54DE3E69-59E0-4AB1-A687-76FA97616BE1}.Release_Dynamic|x86.Build.0 = Release|Win32
		{54DE3E69-59E0-4AB1-A687-76FA97616BE1}.Release_RTL_dll|x86.ActiveCfg = Release|Win32
		{54DE3E69-59E0-4AB1-A687-76FA97616BE1}.Release_RTL_dll|x86.Build.0 = Release|Win32
		{54DE3E69-59E0-4AB1-A687-76FA97616BE1}.Release_SSE|x86.ActiveCfg = Release|Win32
		{54DE3E69-59E0-4AB1-A687-76FA97616BE1}.Release_SSE|x86.Build.0 = Release|Win32
		{54DE3E69-59E0-4AB1-A687-76FA97616BE1}.Release_SSE2|x86.ActiveCfg = Release|Win32
		{54DE3E69-59E0-4AB1-A687-76FA97616BE1}.Release_SSE2|x86.Build.0 = Release|Win32
		{54DE3E69-59E0-4AB1-A687-76FA97616BE1}.Release_WM5_PPC_ARM|x86.ActiveCfg = Release|Win32
		{54DE3E69-59E0-4AB1-A687-76FA97616BE1}.Release_WM5_PPC_ARM|x86.Build.0 = Release|Win32
		{54DE3E69-59E0-4AB1-A687-76FA97616BE1}.Release|x86.ActiveCfg = Release|Win32
		{54DE3E69-59E0-4AB1-A687-76FA97616BE1}.Release|x86.Build.0 = Release|Win32
		{54DE3E69-59E0-4AB1-A687-76FA97616BE1}.Template|x86.ActiveCfg = Unicode Release|Win32
		{54DE3E69-59E0-4AB1-A687-76FA97616BE1}.Template|x86.Build.0 = Unicode Release|Win32
		{54DE3E69-59E0-4AB1-A687-76FA97616BE1}.Template|x86.Deploy.0 = Unicode Release|Win32
		{54DE3E69-59E0-4AB1-A687-76FA97616BE1}.Unicode Debug|x86.ActiveCfg = Unicode Debug|Win32
		{54DE3E69-59E0-4AB1-A687-76FA97616BE1}.Unicode Debug|x86.Build.0 = Unicode Debug|Win32
		{54DE3E69-59E0-4AB1-A687-76FA97616BE1}.Unicode Release|x86.ActiveCfg = Unicode Release|Win32
		{54DE3E69-59E0-4AB1-A687-76FA97616BE1}.Unicode Release|x86.Build.0 = Unicode Release|Win32
		{6B2B0D24-56EA-4168-B8CF-7DB1A2829A6E}.Debug_RTL_dll|x86.ActiveCfg = Debug|Win32
		{6B2B0D24-56EA-4168-B8CF-7DB1A2829A6E}.Debug_RTL_dll|x86.Build.0 = Debug|Win32
		{6B2B0D24-56EA-4168-B8CF-7DB1A2829A6E}.Debug_RTL_dll|x86.Deploy.0 = Debug|Win32
		{6B2B0D24-56EA-4168-B8CF-7DB1A2829A6E}.Debug_WM5_PPC_ARM|x86.ActiveCfg = Debug|Win32
		{6B2B0D24-56EA-4168-B8CF-7DB1A2829A6E}.Debug_WM5_PPC_ARM|x86.Build.0 = Debug|Win32
		{6B2B0D24-56EA-4168-B8CF-7DB1A2829A6E}.Debug_WM5_PPC_ARM|x86.Deploy.0 = Debug|Win32
		{6B2B0D24-56EA-4168-B8CF-7DB1A2829A6E}.Debug|x86.ActiveCfg = Debug|Win32
		{6B2B0D24-56EA-4168-B8CF-7DB1A2829A6E}.Debug|x86.Build.0 = Debug|Win32
		{6B2B0D24-56EA-4168-B8CF-7DB1A2829A6E}.Release_Dynamic|x86.ActiveCfg = Release|Win32
		{6B2B0D24-56EA-4168-B8CF-7DB1A2829A6E}.Release_Dynamic|x86.Build.0 = Release|Win32
		{6B2B0D24-56EA-4168-B8CF-7DB1A2829A6E}.Release_Dynamic|x86.Deploy.0 = Release|Win32
		{6B2B0D24-56EA-4168-B8CF-7DB1A2829A6E}.Release_RTL_dll|x86.ActiveCfg = Release|Win32
		{6B2B0D24-56EA-4168-B8CF-7DB1A2829A6E}.Release_RTL_dll|x86.Build.0 = Release|Win32
		{6B2B0D24-56EA-4168-B8CF-7DB1A2829A6E}.Release_RTL_dll|x86.Deploy.0 = Release|Win32
		{6B2B0D24-56EA-4168-B8CF-7DB1A2829A6E}.Release_SSE|x86.ActiveCfg = Release|Win32
		{6B2B0D24-56EA-4168-B8CF-7DB1A2829A6E}.Release_SSE|x86.Build.0 = Release|Win32
		{6B2B0D24-56EA-4168-B8CF-7DB1A2829A6E}.Release_SSE|x86.Deploy.0 = Release|Win32
		{6B2B0D24-56EA-4168-B8CF-7DB1A2829A6E}.Release_SSE2|x86.ActiveCfg = Release|Win32
		{6B2B0D24-56EA-4168-B8CF-7DB1A2829A6E}.Release_SSE2|x86.Build.0 = Release|Win32
		{6B2B0D24-56EA-4168-B8CF-7DB1A2829A6E}.Release_SSE2|x86.Deploy.0 = Release|Win32
		{6B2B0D24-56EA-4168-B8CF-7DB1A2829A6E}.Release_WM5_PPC_ARM|x86.ActiveCfg = Release|Win32
		{6B2B0D24-56EA-4168-B8CF-7DB1A2829A6E}.Release_WM5_PPC_ARM|x86.Build.0 = Release|Win32
		{6B2B0D24-56EA-4168-B8CF-7DB1A2829A6E}.Release_WM5_PPC_ARM|x86.Deploy.0 = Release|Win32
		{6B2B0D24-56EA-4168-B8CF-7DB1A2829A6E}.Release|x86.ActiveCfg = Release|Win32
		{6B2B0D24-56EA-4168-B8CF-7DB1A2829A6E}.Release|x86.Build.0 = Release|Win32
		{6B2B0D24-56EA-4168-B8CF-7DB1A2829A6E}.Template|x86.ActiveCfg = Unicode Release|Win32
		{6B2B0D24-56EA-4168-B8CF-7DB1A2829A6E}.Template|x86.Build.0 = Unicode Release|Win32
		{6B2B0D24-56EA-4168-B8CF-7DB1A2829A6E}.Template|x86.Deploy.0 = Unicode Release|Win32
		{6B2B0D24-56EA-4168-B8CF-7DB1A2829A6E}.Unicode Debug|x86.ActiveCfg = Unicode Debug|Win32
		{6B2B0D24-56EA-4168-B8CF-7DB1A2829A6E}.Unicode Debug|x86.Build.0 = Unicode Debug|Win32
		{6B2B0D24-56EA-4168-B8CF-7DB1A2829A6E}.Unicode Release|x86.ActiveCfg = Unicode Release|Win32
		{6B2B0D24-56EA-4168-B8CF-7DB1A2829A6E}.Unicode Release|x86.Build.0 = Unicode Release|Win32
		{7A206B2F-F1D6-4C27-A8EB-13C9EE8B4CAB}.Debug_RTL_dll|x86.ActiveCfg = Debug|Win32
		{7A206B2F-F1D6-4C27-A8EB-13C9EE8B4CAB}.Debug_RTL_dll|x86.Build.0 = Debug|Win32
		{7A206B2F-F1D6-4C27-A8EB-13C9EE8B4CAB}.Debug_WM5_PPC_ARM|x86.ActiveCfg = Debug|Win32
		{7A206B2F-F1D6-4C27-A8EB-13C9EE8B4CAB}.Debug_WM5_PPC_ARM|x86.Build.0 = Debug|Win32
		{7A206B2F-F1D6-4C27-A8EB-13C9EE8B4CAB}.Debug|x86.ActiveCfg = Debug|Win32
		{7A206B2F-F1D6-4C27-A8EB-13C9EE8B4CAB}.Debug|x86.Build.0 = Debug|Win32
		{7A206B2F-F1D6-4C27-A8EB-13C9EE8B4CAB}.Release_Dynamic|x86.ActiveCfg = Release|Win32
		{7A206B2F-F1D6-4C27-A8EB-13C9EE8B4CAB}.Release_Dynamic|x86.Build.0 = Release|Win32
		{7A206B2F-F1D6-4C27-A8EB-13C9EE8B4CAB}.Release_RTL_dll|x86.ActiveCfg = Release|Win32
		{7A206B2F-F1D6-4C27-A8EB-13C9EE8B4CAB}.Release_RTL_dll|x86.Build.0 = Release|Win32
		{7A206B2F-F1D6-4C27-A8EB-13C9EE8B4CAB}.Release_SSE|x86.ActiveCfg = Release|Win32
		{7A206B2F-F1D6-4C27-A8EB-13C9EE8B4CAB}.Release_SSE|x86.Build.0 = Release|Win32
		{7A206B2F-F1D6-4C27-A8EB-13C9EE8B4CAB}.Release_SSE2|x86.ActiveCfg = Release|Win32
		{7A206B2F-F1D6-4C27-A8EB-13C9EE8B4CAB}.Release_SSE2|x86.Build.0 = Release|Win32
		{7A206B2F-F1D6-4C27-A8EB-13C9EE8B4CAB}.Release_WM5_PPC_ARM|x86.ActiveCfg = Release|Win32
		{7A206B2F-F1D6-4C27-A8EB-13C9EE8B4CAB}.Release_WM5_PPC_ARM|x86.Build.0 = Release|Win32
		{7A206B2F-F1D6-4C27-A8EB-13C9EE8B4CAB}.Release|x86.ActiveCfg = Release|Win32
		{7A206B2F-F1D6-4C27-A8EB-13C9EE8B4CAB}.Release|x86.Build.0 = Release|Win32
		{7A206B2F-F1D6-4C27-A8EB-13C9EE8B4CAB}.Template|x86.ActiveCfg = Unicode Release|Win32
		{7A206B2F-F1D6-4C27-A8EB-13C9EE8B4CAB}.Template|x86.Build.0 = Unicode Release|Win32
		{7A206B2F-F1D6-4C27-A8EB-13C9EE8B4CAB}.Template|x86.Deploy.0 = Unicode Release|Win32
		{7A206B2F-F1D6-4C27-A8EB-13C9EE8B4CAB}.Unicode Debug|x86.ActiveCfg = Unicode Debug|Win32
		{7A206B2F-F1D6-4C27-A8EB-13C9EE8B4CAB}.Unicode Debug|x86.Build.0 = Unicode Debug|Win32
		{7A206B2F-F1D6-4C27-A8EB-13C9EE8B4CAB}.Unicode Release|x86.ActiveCfg = Unicode Release|Win32
		{7A206B2F-F1D6-4C27-A8EB-13C9EE8B4CAB}.Unicode Release|x86.Build.0 = Unicode Release|Win32
		{2EDAAE43-F747-4D0A-946E-F4D0F2491081}.Debug_RTL_dll|x86.ActiveCfg = Debug|Win32
		{2EDAAE43-F747-4D0A-946E-F4D0F2491081}.Debug_RTL_dll|x86.Build.0 = Debug|Win32
		{2EDAAE43-F747-4D0A-946E-F4D0F2491081}.Debug_WM5_PPC_ARM|x86.ActiveCfg = Debug|Win32
		{2EDAAE43-F747-4D0A-946E-F4D0F2491081}.Debug_WM5_PPC_ARM|x86.Build.0 = Debug|Win32
		{2EDAAE43-F747-4D0A-946E-F4D0F2491081}.Debug|x86.ActiveCfg = Debug|Win32
		{2EDAAE43-F747-4D0A-946E-F4D0F2491081}.Debug|x86.Build.0 = Debug|Win32
		{2EDAAE43-F747-4D0A-946E-F4D0F2491081}.Release_Dynamic|x86.ActiveCfg = Release|Win32
		{2EDAAE43-F747-4D0A-946E-F4D0F2491081}.Release_Dynamic|x86.Build.0 = Release|Win32
		{2EDAAE43-F747-4D0A-946E-F4D0F2491081}.Release_RTL_dll|x86.ActiveCfg = Release|Win32
		{2EDAAE43-F747-4D0A-946E-F4D0F2491081}.Release_RTL_dll|x86.Build.0 = Release|Win32
		{2EDAAE43-F747-4D0A-946E-F4D0F2491081}.Release_SSE|x86.ActiveCfg = Release|Win32
		{2EDAAE43-F747-4D0A-946E-F4D0F2491081}.Release_SSE|x86.Build.0 = Release|Win32
		{2EDAAE43-F747-4D0A-946E-F4D0F2491081}.Release_SSE2|x86.ActiveCfg = Release|Win32
		{2EDAAE43-F747-4D0A-946E-F4D0F2491081}.Release_SSE2|x86.Build.0 = Release|Win32
		{2EDAAE43-F747-4D0A-946E-F4D0F2491081}.Release_WM5_PPC_ARM|x86.ActiveCfg = Release|Win32
		{2EDAAE43-F747-4D0A-946E-F4D0F2491081}.Release_WM5_PPC_ARM|x86.Build.0 = Release|Win32
		{2EDAAE43-F747-4D0A-946E-F4D0F2491081}.Release|x86.ActiveCfg = Release|Win32
		{2EDAAE43-F747-4D0A-946E-F4D0F2491081}.Release|x86.Build.0 = Release|Win32
		{2EDAAE43-F747-4D0A-946E-F4D0F2491081}.Template|x86.ActiveCfg = Unicode Release|Win32
		{2EDAAE43-F747-4D0A-946E-F4D0F2491081}.Template|x86.Build.0 = Unicode Release|Win32
		{2EDAAE43-F747-4D0A-946E-F4D0F2491081}.Template|x86.Deploy.0 = Unicode Release|Win32
		{2EDAAE43-F747-4D0A-946E-F4D0F2491081}.Unicode Debug|x86.ActiveCfg = Unicode Debug|Win32
		{2EDAAE43-F747-4D0A-946E-F4D0F2491081}.Unicode Debug|x86.Build.0 = Unicode Debug|Win32
		{2EDAAE43-F747-4D0A-946E-F4D0F2491081}.Unicode Release|x86.ActiveCfg = Unicode Release|Win32
		{2EDAAE43-F747-4D0A-946E-F4D0F2491081}.Unicode Release|x86.Build.0 = Unicode Release|Win32
		{B2C14BAC-3600-41D2-BB0B-BBC462388B4E}.Debug_RTL_dll|x86.ActiveCfg = Debug|Win32
		{B2C14BAC-3600-41D2-BB0B-BBC462388B4E}.Debug_RTL_dll|x86.Build.0 = Debug|Win32
		{B2C14BAC-3600-41D2-BB0B-BBC462388B4E}.Debug_WM5_PPC_ARM|x86.ActiveCfg = Debug|Win32
		{B2C14BAC-3600-41D2-BB0B-BBC462388B4E}.Debug_WM5_PPC_ARM|x86.Build.0 = Debug|Win32
		{B2C14BAC-3600-41D2-BB0B-BBC462388B4E}.Debug|x86.ActiveCfg = Debug|Win32
		{B2C14BAC-3600-41D2-BB0B-BBC462388B4E}.Debug|x86.Build.0 = Debug|Win32
		{B2C14BAC-3600-41D2-BB0B-BBC462388B4E}.Release_Dynamic|x86.ActiveCfg = Release|Win32
		{B2C14BAC-3600-41D2-BB0B-BBC462388B4E}.Release_Dynamic|x86.Build.0 = Release|Win32
		{B2C14BAC-3600-41D2-BB0B-BBC462388B4E}.Release_RTL_dll|x86.ActiveCfg = Release|Win32
		{B2C14BAC-3600-41D2-BB0B-BBC462388B4E}.Release_RTL_dll|x86.Build.0 = Release|Win32
		{B2C14BAC-3600-41D2-BB0B-BBC462388B4E}.Release_SSE|x86.ActiveCfg = Release|Win32
		{B2C14BAC-3600-41D2-BB0B-BBC462388B4E}.Release_SSE|x86.Build.0 = Release|Win32
		{B2C14BAC-3600-41D2-BB0B-BBC462388B4E}.Release_SSE2|x86.ActiveCfg = Release|Win32
		{B2C14BAC-3600-41D2-BB0B-BBC462388B4E}.Release_SSE2|x86.Build.0 = Release|Win32
		{B2C14BAC-3600-41D2-BB0B-BBC462388B4E}.Release_WM5_PPC_ARM|x86.ActiveCfg = Release|Win32
		{B2C14BAC-3600-41D2-BB0B-BBC462388B4E}.Release_WM5_PPC_ARM|x86.Build.0 = Release|Win32
		{B2C14BAC-3600-41D2-BB0B-BBC462388B4E}.Release|x86.ActiveCfg = Release|Win32
		{B2C14BAC-3600-41D2-BB0B-BBC462388B4E}.Release|x86.Build.0 = Release|Win32
		{B2C14BAC-3600-41D2-BB0B-BBC462388B4E}.Template|x86.ActiveCfg = Unicode Release|Win32
		{B2C14BAC-3600-41D2-BB0B-BBC462388B4E}.Template|x86.Build.0 = Unicode Release|Win32
		{B2C14BAC-3600-41D2-BB0B-BBC462388B4E}.Template|x86.Deploy.0 = Unicode Release|Win32
		{B2C14BAC-3600-41D2-BB0B-BBC462388B4E}.Unicode Debug|x86.ActiveCfg = Unicode Debug|Win32
		{B2C14BAC-3600-41D2-BB0B-BBC462388B4E}.Unicode Debug|x86.Build.0 = Unicode Debug|Win32
		{B2C14BAC-3600-41D2-BB0B-BBC462388B4E}.Unicode Release|x86.ActiveCfg = Unicode Release|Win32
		{B2C14BAC-3600-41D2-BB0B-BBC462388B4E}.Unicode Release|x86.Build.0 = Unicode Release|Win32
		{CE37CD7F-1F13-48A3-A372-E96151B01BE0}.Debug_RTL_dll|x86.ActiveCfg = Debug|Win32
		{CE37CD7F-1F13-48A3-A372-E96151B01BE0}.Debug_RTL_dll|x86.Build.0 = Debug|Win32
		{CE37CD7F-1F13-48A3-A372-E96151B01BE0}.Debug_WM5_PPC_ARM|x86.ActiveCfg = Debug|Win32
		{CE37CD7F-1F13-48A3-A372-E96151B01BE0}.Debug_WM5_PPC_ARM|x86.Build.0 = Debug|Win32
		{CE37CD7F-1F13-48A3-A372-E96151B01BE0}.Debug|x86.ActiveCfg = Debug|Win32
		{CE37CD7F-1F13-48A3-A372-E96151B01BE0}.Debug|x86.Build.0 = Debug|Win32
		{CE37CD7F-1F13-48A3-A372-E96151B01BE0}.Release_Dynamic|x86.ActiveCfg = Release|Win32
		{CE37CD7F-1F13-48A3-A372-E96151B01BE0}.Release_Dynamic|x86.Build.0 = Release|Win32
		{CE37CD7F-1F13-48A3-A372-E96151B01BE0}.Release_RTL_dll|x86.ActiveCfg = Release|Win32
		{CE37CD7F-1F13-48A3-A372-E96151B01BE0}.Release_RTL_dll|x86.Build.0 = Release|Win32
		{CE37CD7F-1F13-48A3-A372-E96151B01BE0}.Release_SSE|x86.ActiveCfg = Release|Win32
		{CE37CD7F-1F13-48A3-A372-E96151B01BE0}.Release_SSE|x86.Build.0 = Release|Win32
		{CE37CD7F-1F13-48A3-A372-E96151B01BE0}.Release_SSE2|x86.ActiveCfg = Release|Win32
		{CE37CD7F-1F13-48A3-A372-E96151B01BE0}.Release_SSE2|x86.Build.0 = Release|Win32
		{CE37CD7F-1F13-48A3-A372-E96151B01BE0}.Release_WM5_PPC_ARM|x86.ActiveCfg = Release|Win32
		{CE37CD7F-1F13-48A3-A372-E96151B01BE0}.Release_WM5_PPC_ARM|x86.Build.0 = Release|Win32
		{CE37CD7F-1F13-48A3-A372-E96151B01BE0}.Release|x86.ActiveCfg = Release|Win32
		{CE37CD7F-1F13-48A3-A372-E96151B01BE0}.Release|x86.Build.0 = Release|Win32
		{CE37CD7F-1F13-48A3-A372-E96151B01BE0}.Template|x86.ActiveCfg = Template|Win32
		{CE37CD7F-1F13-48A3-A372-E96151B01BE0}.Template|x86.Build.0 = Template|Win32
		{CE37CD7F-1F13-48A3-A372-E96151B01BE0}.Unicode Debug|x86.ActiveCfg = Debug|Win32
		{CE37CD7F-1F13-48A3-A372-E96151B01BE0}.Unicode Debug|x86.Build.0 = Debug|Win32
		{CE37CD7F-1F13-48A3-A372-E96151B01BE0}.Unicode Release|x86.ActiveCfg = Release|Win32
		{CE37CD7F-1F13-48A3-A372-E96151B01BE0}.Unicode Release|x86.Build.0 = Release|Win32
		{F6C0D393-FA4A-47CC-8A75-986D041B131D}.Debug_RTL_dll|x86.ActiveCfg = Debug|Win32
		{F6C0D393-FA4A-47CC-8A75-986D041B131D}.Debug_RTL_dll|x86.Build.0 = Debug|Win32
		{F6C0D393-FA4A-47CC-8A75-986D041B131D}.Debug_WM5_PPC_ARM|x86.ActiveCfg = Debug|Win32
		{F6C0D393-FA4A-47CC-8A75-986D041B131D}.Debug_WM5_PPC_ARM|x86.Build.0 = Debug|Win32
		{F6C0D393-FA4A-47CC-8A75-986D041B131D}.Debug|x86.ActiveCfg = Debug|Win32
		{F6C0D393-FA4A-47CC-8A75-986D041B131D}.Debug|x86.Build.0 = Debug|Win32
		{F6C0D393-FA4A-47CC-8A75-986D041B131D}.Release_Dynamic|x86.ActiveCfg = Release|Win32
		{F6C0D393-FA4A-47CC-8A75-986D041B131D}.Release_Dynamic|x86.Build.0 = Release|Win32
		{F6C0D393-FA4A-47CC-8A75-986D041B131D}.Release_RTL_dll|x86.ActiveCfg = Release|Win32
		{F6C0D393-FA4A-47CC-8A75-986D041B131D}.Release_RTL_dll|x86.Build.0 = Release|Win32
		{F6C0D393-FA4A-47CC-8A75-986D041B131D}.Release_SSE|x86.ActiveCfg = Release|Win32
		{F6C0D393-FA4A-47CC-8A75-986D041B131D}.Release_SSE|x86.Build.0 = Release|Win32
		{F6C0D393-FA4A-47CC-8A75-986D041B131D}.Release_SSE2|x86.ActiveCfg = Release|Win32
		{F6C0D393-FA4A-47CC-8A75-986D041B131D}.Release_SSE2|x86.Build.0 = Release|Win32
		{F6C0D393-FA4A-47CC-8A75-986D041B131D}.Release_WM5_PPC_ARM|x86.ActiveCfg = Release|Win32
		{F6C0D393-FA4A-47CC-8A75-986D041B131D}.Release_WM5_PPC_ARM|x86.Build.0 = Release|Win32
		{F6C0D393-FA4A-47CC-8A75-986D041B131D}.Release|x86.ActiveCfg = Release|Win32
		{F6C0D393-FA4A-47CC-8A75-986D041B131D}.Release|x86.Build.0 = Release|Win32
		{F6C0D393-FA4A-47CC-8A75-986D041B131D}.Template|x86.ActiveCfg = Template|Win32
		{F6C0D393-FA4A-47CC-8A75-986D041B131D}.Template|x86.Build.0 = Template|Win32
		{F6C0D393-FA4A-47CC-8A75-986D041B131D}.Unicode Debug|x86.ActiveCfg = Debug|Win32
		{F6C0D393-FA4A-47CC-8A75-986D041B131D}.Unicode Debug|x86.Build.0 = Debug|Win32
		{F6C0D393-FA4A-47CC-8A75-986D041B131D}.Unicode Release|x86.ActiveCfg = Release|Win32
		{F6C0D393-FA4A-47CC-8A75-986D041B131D}.Unicode Release|x86.Build.0 = Release|Win32
		{8E65BE16-C1E6-4B71-A1F3-1CDD78A39B34}.Debug_RTL_dll|x86.ActiveCfg = Debug|Win32
		{8E65BE16-C1E6-4B71-A1F3-1CDD78A39B34}.Debug_RTL_dll|x86.Build.0 = Debug|Win32
		{8E65BE16-C1E6-4B71-A1F3-1CDD78A39B34}.Debug_WM5_PPC_ARM|x86.ActiveCfg = Debug|Win32
		{8E65BE16-C1E6-4B71-A1F3-1CDD78A39B34}.Debug_WM5_PPC_ARM|x86.Build.0 = Debug|Win32
		{8E65BE16-C1E6-4B71-A1F3-1CDD78A39B34}.Debug|x86.ActiveCfg = Debug|Win32
		{8E65BE16-C1E6-4B71-A1F3-1CDD78A39B34}.Debug|x86.Build.0 = Debug|Win32
		{8E65BE16-C1E6-4B71-A1F3-1CDD78A39B34}.Release_Dynamic|x86.ActiveCfg = Release|Win32
		{8E65BE16-C1E6-4B71-A1F3-1CDD78A39B34}.Release_Dynamic|x86.Build.0 = Release|Win32
		{8E65BE16-C1E6-4B71-A1F3-1CDD78A39B34}.Release_RTL_dll|x86.ActiveCfg = Release|Win32
		{8E65BE16-C1E6-4B71-A1F3-1CDD78A39B34}.Release_RTL_dll|x86.Build.0 = Release|Win32
		{8E65BE16-C1E6-4B71-A1F3-1CDD78A39B34}.Release_SSE|x86.ActiveCfg = Release|Win32
		{8E65BE16-C1E6-4B71-A1F3-1CDD78A39B34}.Release_SSE|x86.Build.0 = Release|Win32
		{8E65BE16-C1E6-4B71-A1F3-1CDD78A39B34}.Release_SSE2|x86.ActiveCfg = Release|Win32
		{8E65BE16-C1E6-4B71-A1F3-1CDD78A39B34}.Release_SSE2|x86.Build.0 = Release|Win32
		{8E65BE16-C1E6-4B71-A1F3-1CDD78A39B34}.Release_WM5_PPC_ARM|x86.ActiveCfg = Release|Win32
		{8E65BE16-C1E6-4B71-A1F3-1CDD78A39B34}.Release_WM5_PPC_ARM|x86.Build.0 = Release|Win32
		{8E65BE16-C1E6-4B71-A1F3-1CDD78A39B34}.Release|x86.ActiveCfg = Release|Win32
		{8E65BE16-C1E6-4B71-A1F3-1CDD78A39B34}.Release|x86.Build.0 = Release|Win32
		{8E65BE16-C1E6-4B71-A1F3-1CDD78A39B34}.Template|x86.ActiveCfg = Template|Win32
		{8E65BE16-C1E6-4B71-A1F3-1CDD78A39B34}.Template|x86.Build.0 = Template|Win32
		{8E65BE16-C1E6-4B71-A1F3-1CDD78A39B34}.Unicode Debug|x86.ActiveCfg = Debug|Win32
		{8E65BE16-C1E6-4B71-A1F3-1CDD78A39B34}.Unicode Debug|x86.Build.0 = Debug|Win32
		{8E65BE16-C1E6-4B71-A1F3-1CDD78A39B34}.Unicode Release|x86.ActiveCfg = Release|Win32
		{8E65BE16-C1E6-4B71-A1F3-1CDD78A39B34}.Unicode Release|x86.Build.0 = Release|Win32
		{6D4616E5-AAE2-4936-81F3-2015147C46A1}.Debug_RTL_dll|x86.ActiveCfg = Debug|Win32
		{6D4616E5-AAE2-4936-81F3-2015147C46A1}.Debug_RTL_dll|x86.Build.0 = Debug|Win32
		{6D4616E5-AAE2-4936-81F3-2015147C46A1}.Debug_WM5_PPC_ARM|x86.ActiveCfg = Debug|Win32
		{6D4616E5-AAE2-4936-81F3-2015147C46A1}.Debug_WM5_PPC_ARM|x86.Build.0 = Debug|Win32
		{6D4616E5-AAE2-4936-81F3-2015147C46A1}.Debug|x86.ActiveCfg = Debug|Win32
		{6D4616E5-AAE2-4936-81F3-2015147C46A1}.Debug|x86.Build.0 = Debug|Win32
		{6D4616E5-AAE2-4936-81F3-2015147C46A1}.Release_Dynamic|x86.ActiveCfg = Release|Win32
		{6D4616E5-AAE2-4936-81F3-2015147C46A1}.Release_Dynamic|x86.Build.0 = Release|Win32
		{6D4616E5-AAE2-4936-81F3-2015147C46A1}.Release_RTL_dll|x86.ActiveCfg = Release|Win32
		{6D4616E5-AAE2-4936-81F3-2015147C46A1}.Release_RTL_dll|x86.Build.0 = Release|Win32
		{6D4616E5-AAE2-4936-81F3-2015147C46A1}.Release_SSE|x86.ActiveCfg = Release|Win32
		{6D4616E5-AAE2-4936-81F3-2015147C46A1}.Release_SSE|x86.Build.0 = Release|Win32
		{6D4616E5-AAE2-4936-81F3-2015147C46A1}.Release_SSE2|x86.ActiveCfg = Release|Win32
		{6D4616E5-AAE2-4936-81F3-2015147C46A1}.Release_SSE2|x86.Build.0 = Release|Win32
		{6D4616E5-AAE2-4936-81F3-2015147C46A1}.Release_WM5_PPC_ARM|x86.ActiveCfg = Release|Win32
		{6D4616E5-AAE2-4936-81F3-2015147C46A1}.Release_WM5_PPC_ARM|x86.Build.0 = Release|Win32
		{6D4616E5-AAE2-4936-81F3-2015147C46A1}.Release|x86.ActiveCfg = Release|Win32
		{6D4616E5-AAE2-4936-81F3-2015147C46A1}.Release|x86.Build.0 = Release|Win32
		{6D4616E5-AAE2-4936-81F3-2015147C46A1}.Template|x86.ActiveCfg = Unicode Release|Win32
		{6D4616E5-AAE2-4936-81F3-2015147C46A1}.Template|x86.Build.0 = Unicode Release|Win32
		{6D4616E5-AAE2-4936-81F3-2015147C46A1}.Unicode Debug|x86.ActiveCfg = Unicode Debug|Win32
		{6D4616E5-AAE2-4936-81F3-2015147C46A1}.Unicode Debug|x86.Build.0 = Unicode Debug|Win32
		{6D4616E5-AAE2-4936-81F3-2015147C46A1}.Unicode Release|x86.ActiveCfg = Unicode Release|Win32
		{6D4616E5-AAE2-4936-81F3-2015147C46A1}.Unicode Release|x86.Build.0 = Unicode Release|Win32
		{C0A9FA4C-7B01-4C78-954D-BB5B9CBA58D9}.Debug_RTL_dll|x86.ActiveCfg = Debug|Win32
		{C0A9FA4C-7B01-4C78-954D-BB5B9CBA58D9}.Debug_RTL_dll|x86.Build.0 = Debug|Win32
		{C0A9FA4C-7B01-4C78-954D-BB5B9CBA58D9}.Debug_WM5_PPC_ARM|x86.ActiveCfg = Debug|Win32
		{C0A9FA4C-7B01-4C78-954D-BB5B9CBA58D9}.Debug_WM5_PPC_ARM|x86.Build.0 = Debug|Win32
		{C0A9FA4C-7B01-4C78-954D-BB5B9CBA58D9}.Debug|x86.ActiveCfg = Debug|Win32
		{C0A9FA4C-7B01-4C78-954D-BB5B9CBA58D9}.Debug|x86.Build.0 = Debug|Win32
		{C0A9FA4C-7B01-4C78-954D-BB5B9CBA58D9}.Release_Dynamic|x86.ActiveCfg = Release|Win32
		{C0A9FA4C-7B01-4C78-954D-BB5B9CBA58D9}.Release_Dynamic|x86.Build.0 = Release|Win32
		{C0A9FA4C-7B01-4C78-954D-BB5B9CBA58D9}.Release_RTL_dll|x86.ActiveCfg = Release|Win32
		{C0A9FA4C-7B01-4C78-954D-BB5B9CBA58D9}.Release_RTL_dll|x86.Build.0 = Release|Win32
		{C0A9FA4C-7B01-4C78-954D-BB5B9CBA58D9}.Release_SSE|x86.ActiveCfg = Release|Win32
		{C0A9FA4C-7B01-4C78-954D-BB5B9CBA58D9}.Release_SSE|x86.Build.0 = Release|Win32
		{C0A9FA4C-7B01-4C78-954D-BB5B9CBA58D9}.Release_SSE2|x86.ActiveCfg = Release|Win32
		{C0A9FA4C-7B01-4C78-954D-BB5B9CBA58D9}.Release_SSE2|x86.Build.0 = Release|Win32
		{C0A9FA4C-7B01-4C78-954D-BB5B9CBA58D9}.Release_WM5_PPC_ARM|x86.ActiveCfg = Release|Win32
		{C0A9FA4C-7B01-4C78-954D-BB5B9CBA58D9}.Release_WM5_PPC_ARM|x86.Build.0 = Release|Win32
		{C0A9FA4C-7B01-4C78-954D-BB5B9CBA58D9}.Release|x86.ActiveCfg = Release|Win32
		{C0A9FA4C-7B01-4C78-954D-BB5B9CBA58D9}.Release|x86.Build.0 = Release|Win32
		{C0A9FA4C-7B01-4C78-954D-BB5B9CBA58D9}.Template|x86.ActiveCfg = Template|Win32
		{C0A9FA4C-7B01-4C78-954D-BB5B9CBA58D9}.Template|x86.Build.0 = Template|Win32
		{C0A9FA4C-7B01-4C78-954D-BB5B9CBA58D9}.Unicode Debug|x86.ActiveCfg = Debug|Win32
		{C0A9FA4C-7B01-4C78-954D-BB5B9CBA58D9}.Unicode Debug|x86.Build.0 = Debug|Win32
		{C0A9FA4C-7B01-4C78-954D-BB5B9CBA58D9}.Unicode Release|x86.ActiveCfg = Release|Win32
		{C0A9FA4C-7B01-4C78-954D-BB5B9CBA58D9}.Unicode Release|x86.Build.0 = Release|Win32
		{A0FAC66C-309C-440E-AFE4-AF617BA4D060}.Debug_RTL_dll|x86.ActiveCfg = Debug|Win32
		{A0FAC66C-309C-440E-AFE4-AF617BA4D060}.Debug_RTL_dll|x86.Build.0 = Debug|Win32
		{A0FAC66C-309C-440E-AFE4-AF617BA4D060}.Debug_WM5_PPC_ARM|x86.ActiveCfg = Debug|Win32
		{A0FAC66C-309C-440E-AFE4-AF617BA4D060}.Debug_WM5_PPC_ARM|x86.Build.0 = Debug|Win32
		{A0FAC66C-309C-440E-AFE4-AF617BA4D060}.Debug|x86.ActiveCfg = Debug|Win32
		{A0FAC66C-309C-440E-AFE4-AF617BA4D060}.Debug|x86.Build.0 = Debug|Win32
		{A0FAC66C-309C-440E-AFE4-AF617BA4D060}.Release_Dynamic|x86.ActiveCfg = Release|Win32
		{A0FAC66C-309C-440E-AFE4-AF617BA4D060}.Release_Dynamic|x86.Build.0 = Release|Win32
		{A0FAC66C-309C-440E-AFE4-AF617BA4D060}.Release_RTL_dll|x86.ActiveCfg = Release|Win32
		{A0FAC66C-309C-440E-AFE4-AF617BA4D060}.Release_RTL_dll|x86.Build.0 = Release|Win32
		{A0FAC66C-309C-440E-AFE4-AF617BA4D060}.Release_SSE|x86.ActiveCfg = Release|Win32
		{A0FAC66C-309C-440E-AFE4-AF617BA4D060}.Release_SSE|x86.Build.0 = Release|Win32
		{A0FAC66C-309C-440E-AFE4-AF617BA4D060}.Release_SSE2|x86.ActiveCfg = Release|Win32
		{A0FAC66C-309C-440E-AFE4-AF617BA4D060}.Release_SSE2|x86.Build.0 = Release|Win32
		{A0FAC66C-309C-440E-AFE4-AF617BA4D060}.Release_WM5_PPC_ARM|x86.ActiveCfg = Release|Win32
		{A0FAC66C-309C-440E-AFE4-AF617BA4D060}.Release_WM5_PPC_ARM|x86.Build.0 = Release|Win32
		{A0FAC66C-309C-440E-AFE4-AF617BA4D060}.Release|x86.ActiveCfg = Release|Win32
		{A0FAC66C-309C-440E-AFE4-AF617BA4D060}.Release|x86.Build.0 = Release|Win32
		{A0FAC66C-309C-440E-AFE4-AF617BA4D060}.Template|x86.ActiveCfg = Unicode Release|Win32
		{A0FAC66C-309C-440E-AFE4-AF617BA4D060}.Template|x86.Build.0 = Unicode Release|Win32
		{A0FAC66C-309C-440E-AFE4-AF617BA4D060}.Unicode Debug|x86.ActiveCfg = Unicode Debug|Win32
		{A0FAC66C-309C-440E-AFE4-AF617BA4D060}.Unicode Debug|x86.Build.0 = Unicode Debug|Win32
		{A0FAC66C-309C-440E-AFE4-AF617BA4D060}.Unicode Release|x86.ActiveCfg = Unicode Release|Win32
		{A0FAC66C-309C-440E-AFE4-AF617BA4D060}.Unicode Release|x86.Build.0 = Unicode Release|Win32
		{71A7407E-5775-4964-9D12-9BBB56BF5DEA}.Debug_RTL_dll|x86.ActiveCfg = Debug|Win32
		{71A7407E-5775-4964-9D12-9BBB56BF5DEA}.Debug_RTL_dll|x86.Build.0 = Debug|Win32
		{71A7407E-5775-4964-9D12-9BBB56BF5DEA}.Debug_WM5_PPC_ARM|x86.ActiveCfg = Debug|Win32
		{71A7407E-5775-4964-9D12-9BBB56BF5DEA}.Debug_WM5_PPC_ARM|x86.Build.0 = Debug|Win32
		{71A7407E-5775-4964-9D12-9BBB56BF5DEA}.Debug|x86.ActiveCfg = Debug|Win32
		{71A7407E-5775-4964-9D12-9BBB56BF5DEA}.Debug|x86.Build.0 = Debug|Win32
		{71A7407E-5775-4964-9D12-9BBB56BF5DEA}.Release_Dynamic|x86.ActiveCfg = Release|Win32
		{71A7407E-5775-4964-9D12-9BBB56BF5DEA}.Release_Dynamic|x86.Build.0 = Release|Win32
		{71A7407E-5775-4964-9D12-9BBB56BF5DEA}.Release_RTL_dll|x86.ActiveCfg = Release|Win32
		{71A7407E-5775-4964-9D12-9BBB56BF5DEA}.Release_RTL_dll|x86.Build.0 = Release|Win32
		{71A7407E-5775-4964-9D12-9BBB56BF5DEA}.Release_SSE|x86.ActiveCfg = Release|Win32
		{71A7407E-5775-4964-9D12-9BBB56BF5DEA}.Release_SSE|x86.Build.0 = Release|Win32
		{71A7407E-5775-4964-9D12-9BBB56BF5DEA}.Release_SSE2|x86.ActiveCfg = Release|Win32
		{71A7407E-5775-4964-9D12-9BBB56BF5DEA}.Release_SSE2|x86.Build.0 = Release|Win32
		{71A7407E-5775-4964-9D12-9BBB56BF5DEA}.Release_WM5_PPC_ARM|x86.ActiveCfg = Release|Win32
		{71A7407E-5775-4964-9D12-9BBB56BF5DEA}.Release_WM5_PPC_ARM|x86.Build.0 = Release|Win32
		{71A7407E-5775-4964-9D12-9BBB56BF5DEA}.Release|x86.ActiveCfg = Release|Win32
		{71A7407E-5775-4964-9D12-9BBB56BF5DEA}.Release|x86.Build.0 = Release|Win32
		{71A7407E-5775-4964-9D12-9BBB56BF5DEA}.Template|x86.ActiveCfg = Unicode Release|Win32
		{71A7407E-5775-4964-9D12-9BBB56BF5DEA}.Template|x86.Build.0 = Unicode Release|Win32
		{71A7407E-5775-4964-9D12-9BBB56BF5DEA}.Unicode Debug|x86.ActiveCfg = Unicode Debug|Win32
		{71A7407E-5775-4964-9D12-9BBB56BF5DEA}.Unicode Debug|x86.Build.0 = Unicode Debug|Win32
		{71A7407E-5775-4964-9D12-9BBB56BF5DEA}.Unicode Release|x86.ActiveCfg = Unicode Release|Win32
		{71A7407E-5775-4964-9D12-9BBB56BF5DEA}.Unicode Release|x86.Build.0 = Unicode Release|Win32
		{E972C52F-9E85-4D65-B19C-031E511E9DB4}.Debug_RTL_dll|x86.ActiveCfg = Debug_RTL_dll|Win32
		{E972C52F-9E85-4D65-B19C-031E511E9DB4}.Debug_RTL_dll|x86.Build.0 = Debug_RTL_dll|Win32
		{E972C52F-9E85-4D65-B19C-031E511E9DB4}.Debug_WM5_PPC_ARM|x86.ActiveCfg = Debug_WM5_PPC_ARM|Win32
		{E972C52F-9E85-4D65-B19C-031E511E9DB4}.Debug_WM5_PPC_ARM|x86.Build.0 = Debug_WM5_PPC_ARM|Win32
		{E972C52F-9E85-4D65-B19C-031E511E9DB4}.Debug|x86.ActiveCfg = Debug|Win32
		{E972C52F-9E85-4D65-B19C-031E511E9DB4}.Debug|x86.Build.0 = Debug|Win32
		{E972C52F-9E85-4D65-B19C-031E511E9DB4}.Release_Dynamic|x86.ActiveCfg = Release_Dynamic|Win32
		{E972C52F-9E85-4D65-B19C-031E511E9DB4}.Release_Dynamic|x86.Build.0 = Release_Dynamic|Win32
		{E972C52F-9E85-4D65-B19C-031E511E9DB4}.Release_RTL_dll|x86.ActiveCfg = Release_RTL_dll|Win32
		{E972C52F-9E85-4D65-B19C-031E511E9DB4}.Release_RTL_dll|x86.Build.0 = Release_RTL_dll|Win32
		{E972C52F-9E85-4D65-B19C-031E511E9DB4}.Release_SSE|x86.ActiveCfg = Release_SSE|Win32
		{E972C52F-9E85-4D65-B19C-031E511E9DB4}.Release_SSE|x86.Build.0 = Release_SSE|Win32
		{E972C52F-9E85-4D65-B19C-031E511E9DB4}.Release_SSE2|x86.ActiveCfg = Release_SSE2|Win32
		{E972C52F-9E85-4D65-B19C-031E511E9DB4}.Release_SSE2|x86.Build.0 = Release_SSE2|Win32
		{E972C52F-9E85-4D65-B19C-031E511E9DB4}.Release_WM5_PPC_ARM|x86.ActiveCfg = Release_WM5_PPC_ARM|Win32
		{E972C52F-9E85-4D65-B19C-031E511E9DB4}.Release_WM5_PPC_ARM|x86.Build.0 = Release_WM5_PPC_ARM|Win32
		{E972C52F-9E85-4D65-B19C-031E511E9DB4}.Release|x86.ActiveCfg = Release|Win32
		{E972C52F-9E85-4D65-B19C-031E511E9DB4}.Release|x86.Build.0 = Release|Win32
		{E972C52F-9E85-4D65-B19C-031E511E9DB4}.Template|x86.ActiveCfg = Debug_WM5_PPC_ARM|Win32
		{E972C52F-9E85-4D65-B19C-031E511E9DB4}.Template|x86.Build.0 = Debug_WM5_PPC_ARM|Win32
		{E972C52F-9E85-4D65-B19C-031E511E9DB4}.Unicode Debug|x86.ActiveCfg = Debug|Win32
		{E972C52F-9E85-4D65-B19C-031E511E9DB4}.Unicode Debug|x86.Build.0 = Debug|Win32
		{E972C52F-9E85-4D65-B19C-031E511E9DB4}.Unicode Release|x86.ActiveCfg = Release|Win32
		{E972C52F-9E85-4D65-B19C-031E511E9DB4}.Unicode Release|x86.Build.0 = Release|Win32
		{0DC21D1C-D515-43C9-969C-29B89E0A8A20}.Debug_RTL_dll|x86.ActiveCfg = Debug|Win32
		{0DC21D1C-D515-43C9-969C-29B89E0A8A20}.Debug_RTL_dll|x86.Build.0 = Debug|Win32
		{0DC21D1C-D515-43C9-969C-29B89E0A8A20}.Debug_WM5_PPC_ARM|x86.ActiveCfg = Debug|Win32
		{0DC21D1C-D515-43C9-969C-29B89E0A8A20}.Debug_WM5_PPC_ARM|x86.Build.0 = Debug|Win32
		{0DC21D1C-D515-43C9-969C-29B89E0A8A20}.Debug|x86.ActiveCfg = Debug|Win32
		{0DC21D1C-D515-43C9-969C-29B89E0A8A20}.Debug|x86.Build.0 = Debug|Win32
		{0DC21D1C-D515-43C9-969C-29B89E0A8A20}.Release_Dynamic|x86.ActiveCfg = Release|Win32
		{0DC21D1C-D515-43C9-969C-29B89E0A8A20}.Release_Dynamic|x86.Build.0 = Release|Win32
		{0DC21D1C-D515-43C9-969C-29B89E0A8A20}.Release_RTL_dll|x86.ActiveCfg = Release|Win32
		{0DC21D1C-D515-43C9-969C-29B89E0A8A20}.Release_RTL_dll|x86.Build.0 = Release|Win32
		{0DC21D1C-D515-43C9-969C-29B89E0A8A20}.Release_SSE|x86.ActiveCfg = Release|Win32
		{0DC21D1C-D515-43C9-969C-29B89E0A8A20}.Release_SSE|x86.Build.0 = Release|Win32
		{0DC21D1C-D515-43C9-969C-29B89E0A8A20}.Release_SSE2|x86.ActiveCfg = Release|Win32
		{0DC21D1C-D515-43C9-969C-29B89E0A8A20}.Release_SSE2|x86.Build.0 = Release|Win32
		{0DC21D1C-D515-43C9-969C-29B89E0A8A20}.Release_WM5_PPC_ARM|x86.ActiveCfg = Release|Win32
		{0DC21D1C-D515-43C9-969C-29B89E0A8A20}.Release_WM5_PPC_ARM|x86.Build.0 = Release|Win32
		{0DC21D1C-D515-43C9-969C-29B89E0A8A20}.Release|x86.ActiveCfg = Release|Win32
		{0DC21D1C-D515-43C9-969C-29B89E0A8A20}.Release|x86.Build.0 = Release|Win32
		{0DC21D1C-D515-43C9-969C-29B89E0A8A20}.Template|x86.ActiveCfg = Release|Win32
		{0DC21D1C-D515-43C9-969C-29B89E0A8A20}.Template|x86.Build.0 = Release|Win32
		{0DC21D1C-D515-43C9-969C-29B89E0A8A20}.Unicode Debug|x86.ActiveCfg = Debug|Win32
		{0DC21D1C-D515-43C9-969C-29B89E0A8A20}.Unicode Debug|x86.Build.0 = Debug|Win32
		{0DC21D1C-D515-43C9-969C-29B89E0A8A20}.Unicode Release|x86.ActiveCfg = Release|Win32
		{0DC21D1C-D515-43C9-969C-29B89E0A8A20}.Unicode Release|x86.Build.0 = Release|Win32
		{98843D8B-9150-4B62-8560-BB9AB8E37926}.Debug_RTL_dll|x86.ActiveCfg = Debug|Win32
		{98843D8B-9150-4B62-8560-BB9AB8E37926}.Debug_RTL_dll|x86.Build.0 = Debug|Win32
		{98843D8B-9150-4B62-8560-BB9AB8E37926}.Debug_WM5_PPC_ARM|x86.ActiveCfg = Debug|Win32
		{98843D8B-9150-4B62-8560-BB9AB8E37926}.Debug_WM5_PPC_ARM|x86.Build.0 = Debug|Win32
		{98843D8B-9150-4B62-8560-BB9AB8E37926}.Debug|x86.ActiveCfg = Debug|Win32
		{98843D8B-9150-4B62-8560-BB9AB8E37926}.Debug|x86.Build.0 = Debug|Win32
		{98843D8B-9150-4B62-8560-BB9AB8E37926}.Release_Dynamic|x86.ActiveCfg = Release|Win32
		{98843D8B-9150-4B62-8560-BB9AB8E37926}.Release_Dynamic|x86.Build.0 = Release|Win32
		{98843D8B-9150-4B62-8560-BB9AB8E37926}.Release_RTL_dll|x86.ActiveCfg = Release|Win32
		{98843D8B-9150-4B62-8560-BB9AB8E37926}.Release_RTL_dll|x86.Build.0 = Release|Win32
		{98843D8B-9150-4B62-8560-BB9AB8E37926}.Release_SSE|x86.ActiveCfg = Release|Win32
		{98843D8B-9150-4B62-8560-BB9AB8E37926}.Release_SSE|x86.Build.0 = Release|Win32
		{98843D8B-9150-4B62-8560-BB9AB8E37926}.Release_SSE2|x86.ActiveCfg = Release|Win32
		{98843D8B-9150-4B62-8560-BB9AB8E37926}.Release_SSE2|x86.Build.0 = Release|Win32
		{98843D8B-9150-4B62-8560-BB9AB8E37926}.Release_WM5_PPC_ARM|x86.ActiveCfg = Release|Win32
		{98843D8B-9150-4B62-8560-BB9AB8E37926}.Release_WM5_PPC_ARM|x86.Build.0 = Release|Win32
		{98843D8B-9150-4B62-8560-BB9AB8E37926}.Release|x86.ActiveCfg = Release|Win32
		{98843D8B-9150-4B62-8560-BB9AB8E37926}.Release|x86.Build.0 = Release|Win32
		{98843D8B-9150-4B62-8560-BB9AB8E37926}.Template|x86.ActiveCfg = Unicode Release|Win32
		{98843D8B-9150-4B62-8560-BB9AB8E37926}.Template|x86.Build.0 = Unicode Release|Win32
		{98843D8B-9150-4B62-8560-BB9AB8E37926}.Unicode Debug|x86.ActiveCfg = Unicode Debug|Win32
		{98843D8B-9150-4B62-8560-BB9AB8E37926}.Unicode Debug|x86.Build.0 = Unicode Debug|Win32
		{98843D8B-9150-4B62-8560-BB9AB8E37926}.Unicode Release|x86.ActiveCfg = Unicode Release|Win32
		{98843D8B-9150-4B62-8560-BB9AB8E37926}.Unicode Release|x86.Build.0 = Unicode Release|Win32
		{DBAE204C-144E-4DA1-8233-80C822524AF9}.Debug_RTL_dll|x86.ActiveCfg = Debug|Win32
		{DBAE204C-144E-4DA1-8233-80C822524AF9}.Debug_RTL_dll|x86.Build.0 = Debug|Win32
		{DBAE204C-144E-4DA1-8233-80C822524AF9}.Debug_WM5_PPC_ARM|x86.ActiveCfg = Debug|Win32
		{DBAE204C-144E-4DA1-8233-80C822524AF9}.Debug_WM5_PPC_ARM|x86.Build.0 = Debug|Win32
		{DBAE204C-144E-4DA1-8233-80C822524AF9}.Debug|x86.ActiveCfg = Debug|Win32
		{DBAE204C-144E-4DA1-8233-80C822524AF9}.Debug|x86.Build.0 = Debug|Win32
		{DBAE204C-144E-4DA1-8233-80C822524AF9}.Release_Dynamic|x86.ActiveCfg = Release|Win32
		{DBAE204C-144E-4DA1-8233-80C822524AF9}.Release_Dynamic|x86.Build.0 = Release|Win32
		{DBAE204C-144E-4DA1-8233-80C822524AF9}.Release_RTL_dll|x86.ActiveCfg = Release|Win32
		{DBAE204C-144E-4DA1-8233-80C822524AF9}.Release_RTL_dll|x86.Build.0 = Release|Win32
		{DBAE204C-144E-4DA1-8233-80C822524AF9}.Release_SSE|x86.ActiveCfg = Release|Win32
		{DBAE204C-144E-4DA1-8233-80C822524AF9}.Release_SSE|x86.Build.0 = Release|Win32
		{DBAE204C-144E-4DA1-8233-80C822524AF9}.Release_SSE2|x86.ActiveCfg = Release|Win32
		{DBAE204C-144E-4DA1-8233-80C822524AF9}.Release_SSE2|x86.Build.0 = Release|Win32
		{DBAE204C-144E-4DA1-8233-80C822524AF9}.Release_WM5_PPC_ARM|x86.ActiveCfg = Release|Win32
		{DBAE204C-144E-4DA1-8233-80C822524AF9}.Release_WM5_PPC_ARM|x86.Build.0 = Release|Win32
		{DBAE204C-144E-4DA1-8233-80C822524AF9}.Release|x86.ActiveCfg = Release|Win32
		{DBAE204C-144E-4DA1-8233-80C822524AF9}.Release|x86.Build.0 = Release|Win32
		{DBAE204C-144E-4DA1-8233-80C822524AF9}.Template|x86.ActiveCfg = Unicode Release|Win32
		{DBAE204C-144E-4DA1-8233-80C822524AF9}.Template|x86.Build.0 = Unicode Release|Win32
		{DBAE204C-144E-4DA1-8233-80C822524AF9}.Unicode Debug|x86.ActiveCfg = Unicode Debug|Win32
		{DBAE204C-144E-4DA1-8233-80C822524AF9}.Unicode Debug|x86.Build.0 = Unicode Debug|Win32
		{DBAE204C-144E-4DA1-8233-80C822524AF9}.Unicode Release|x86.ActiveCfg = Unicode Release|Win32
		{DBAE204C-144E-4DA1-8233-80C822524AF9}.Unicode Release|x86.Build.0 = Unicode Release|Win32
		{18E851E1-4664-45B6-8313-FF9693D1E9AB}.Debug_RTL_dll|x86.ActiveCfg = Debug|Win32
		{18E851E1-4664-45B6-8313-FF9693D1E9AB}.Debug_RTL_dll|x86.Build.0 = Debug|Win32
		{18E851E1-4664-45B6-8313-FF9693D1E9AB}.Debug_WM5_PPC_ARM|x86.ActiveCfg = Debug|Win32
		{18E851E1-4664-45B6-8313-FF9693D1E9AB}.Debug_WM5_PPC_ARM|x86.Build.0 = Debug|Win32
		{18E851E1-4664-45B6-8313-FF9693D1E9AB}.Debug|x86.ActiveCfg = Debug|Win32
		{18E851E1-4664-45B6-8313-FF9693D1E9AB}.Debug|x86.Build.0 = Debug|Win32
		{18E851E1-4664-45B6-8313-FF9693D1E9AB}.Release_Dynamic|x86.ActiveCfg = Release|Win32
		{18E851E1-4664-45B6-8313-FF9693D1E9AB}.Release_Dynamic|x86.Build.0 = Release|Win32
		{18E851E1-4664-45B6-8313-FF9693D1E9AB}.Release_RTL_dll|x86.ActiveCfg = Release|Win32
		{18E851E1-4664-45B6-8313-FF9693D1E9AB}.Release_RTL_dll|x86.Build.0 = Release|Win32
		{18E851E1-4664-45B6-8313-FF9693D1E9AB}.Release_SSE|x86.ActiveCfg = Release|Win32
		{18E851E1-4664-45B6-8313-FF9693D1E9AB}.Release_SSE|x86.Build.0 = Release|Win32
		{18E851E1-4664-45B6-8313-FF9693D1E9AB}.Release_SSE2|x86.ActiveCfg = Release|Win32
		{18E851E1-4664-45B6-8313-FF9693D1E9AB}.Release_SSE2|x86.Build.0 = Release|Win32
		{18E851E1-4664-45B6-8313-FF9693D1E9AB}.Release_WM5_PPC_ARM|x86.ActiveCfg = Release|Win32
		{18E851E1-4664-45B6-8313-FF9693D1E9AB}.Release_WM5_PPC_ARM|x86.Build.0 = Release|Win32
		{18E851E1-4664-45B6-8313-FF9693D1E9AB}.Release|x86.ActiveCfg = Release|Win32
		{18E851E1-4664-45B6-8313-FF9693D1E9AB}.Release|x86.Build.0 = Release|Win32
		{18E851E1-4664-45B6-8313-FF9693D1E9AB}.Template|x86.ActiveCfg = Release|Win32
		{18E851E1-4664-45B6-8313-FF9693D1E9AB}.Template|x86.Build.0 = Release|Win32
		{18E851E1-4664-45B6-8313-FF9693D1E9AB}.Unicode Debug|x86.ActiveCfg = Debug|Win32
		{18E851E1-4664-45B6-8313-FF9693D1E9AB}.Unicode Debug|x86.Build.0 = Debug|Win32
		{18E851E1-4664-45B6-8313-FF9693D1E9AB}.Unicode Release|x86.ActiveCfg = Release|Win32
		{18E851E1-4664-45B6-8313-FF9693D1E9AB}.Unicode Release|x86.Build.0 = Release|Win32
		{25364C96-DA21-4ED5-AABD-BD3EFAB6357B}.Debug_RTL_dll|x86.ActiveCfg = Debug|Win32
		{25364C96-DA21-4ED5-AABD-BD3EFAB6357B}.Debug_RTL_dll|x86.Build.0 = Debug|Win32
		{25364C96-DA21-4ED5-AABD-BD3EFAB6357B}.Debug_WM5_PPC_ARM|x86.ActiveCfg = Debug|Win32
		{25364C96-DA21-4ED5-AABD-BD3EFAB6357B}.Debug_WM5_PPC_ARM|x86.Build.0 = Debug|Win32
		{25364C96-DA21-4ED5-AABD-BD3EFAB6357B}.Debug|x86.ActiveCfg = Debug|Win32
		{25364C96-DA21-4ED5-AABD-BD3EFAB6357B}.Debug|x86.Build.0 = Debug|Win32
		{25364C96-DA21-4ED5-AABD-BD3EFAB6357B}.Release_Dynamic|x86.ActiveCfg = Release|Win32
		{25364C96-DA21-4ED5-AABD-BD3EFAB6357B}.Release_Dynamic|x86.Build.0 = Release|Win32
		{25364C96-DA21-4ED5-AABD-BD3EFAB6357B}.Release_RTL_dll|x86.ActiveCfg = Release|Win32
		{25364C96-DA21-4ED5-AABD-BD3EFAB6357B}.Release_RTL_dll|x86.Build.0 = Release|Win32
		{25364C96-DA21-4ED5-AABD-BD3EFAB6357B}.Release_SSE|x86.ActiveCfg = Release|Win32
		{25364C96-DA21-4ED5-AABD-BD3EFAB6357B}.Release_SSE|x86.Build.0 = Release|Win32
		{25364C96-DA21-4ED5-AABD-BD3EFAB6357B}.Release_SSE2|x86.ActiveCfg = Release|Win32
		{25364C96-DA21-4ED5-AABD-BD3EFAB6357B}.Release_SSE2|x86.Build.0 = Release|Win32
		{25364C96-DA21-4ED5-AABD-BD3EFAB6357B}.Release_WM5_PPC_ARM|x86.ActiveCfg = Release|Win32
		{25364C96-DA21-4ED5-AABD-BD3EFAB6357B}.Release_WM5_PPC_ARM|x86.Build.0 = Release|Win32
		{25364C96-DA21-4ED5-AABD-BD3EFAB6357B}.Release|x86.ActiveCfg = Release|Win32
		{25364C96-DA21-4ED5-AABD-BD3EFAB6357B}.Release|x86.Build.0 = Release|Win32
		{25364C96-DA21-4ED5-AABD-BD3EFAB6357B}.Template|x86.ActiveCfg = Release|Win32
		{25364C96-DA21-4ED5-AABD-BD3EFAB6357B}.Template|x86.Build.0 = Release|Win32
		{25364C96-DA21-4ED5-AABD-BD3EFAB6357B}.Unicode Debug|x86.ActiveCfg = Debug|Win32
		{25364C96-DA21-4ED5-AABD-BD3EFAB6357B}.Unicode Debug|x86.Build.0 = Debug|Win32
		{25364C96-DA21-4ED5-AABD-BD3EFAB6357B}.Unicode Release|x86.ActiveCfg = Release|Win32
		{25364C96-DA21-4ED5-AABD-BD3EFAB6357B}.Unicode Release|x86.Build.0 = Release|Win32
		{E6CF8D9C-138F-4940-B1F2-BE5F369F4034}.Debug_RTL_dll|x86.ActiveCfg = Debug|Win32
		{E6CF8D9C-138F-4940-B1F2-BE5F369F4034}.Debug_RTL_dll|x86.Build.0 = Debug|Win32
		{E6CF8D9C-138F-4940-B1F2-BE5F369F4034}.Debug_WM5_PPC_ARM|x86.ActiveCfg = Debug|Win32
		{E6CF8D9C-138F-4940-B1F2-BE5F369F4034}.Debug_WM5_PPC_ARM|x86.Build.0 = Debug|Win32
		{E6CF8D9C-138F-4940-B1F2-BE5F369F4034}.Debug|x86.ActiveCfg = Debug|Win32
		{E6CF8D9C-138F-4940-B1F2-BE5F369F4034}.Debug|x86.Build.0 = Debug|Win32
		{E6CF8D9C-138F-4940-B1F2-BE5F369F4034}.Release_Dynamic|x86.ActiveCfg = Release|Win32
		{E6CF8D9C-138F-4940-B1F2-BE5F369F4034}.Release_Dynamic|x86.Build.0 = Release|Win32
		{E6CF8D9C-138F-4940-B1F2-BE5F369F4034}.Release_RTL_dll|x86.ActiveCfg = Release|Win32
		{E6CF8D9C-138F-4940-B1F2-BE5F369F4034}.Release_RTL_dll|x86.Build.0 = Release|Win32
		{E6CF8D9C-138F-4940-B1F2-BE5F369F4034}.Release_SSE|x86.ActiveCfg = Release|Win32
		{E6CF8D9C-138F-4940-B1F2-BE5F369F4034}.Release_SSE|x86.Build.0 = Release|Win32
		{E6CF8D9C-138F-4940-B1F2-BE5F369F4034}.Release_SSE2|x86.ActiveCfg = Release|Win32
		{E6CF8D9C-138F-4940-B1F2-BE5F369F4034}.Release_SSE2|x86.Build.0 = Release|Win32
		{E6CF8D9C-138F-4940-B1F2-BE5F369F4034}.Release_WM5_PPC_ARM|x86.ActiveCfg = Release|Win32
		{E6CF8D9C-138F-4940-B1F2-BE5F369F4034}.Release_WM5_PPC_ARM|x86.Build.0 = Release|Win32
		{E6CF8D9C-138F-4940-B1F2-BE5F369F4034}.Release|x86.ActiveCfg = Release|Win32
		{E6CF8D9C-138F-4940-B1F2-BE5F369F4034}.Release|x86.Build.0 = Release|Win32
		{E6CF8D9C-138F-4940-B1F2-BE5F369F4034}.Template|x86.ActiveCfg = Release|Win32
		{E6CF8D9C-138F-4940-B1F2-BE5F369F4034}.Template|x86.Build.0 = Release|Win32
		{E6CF8D9C-138F-4940-B1F2-BE5F369F4034}.Unicode Debug|x86.ActiveCfg = Debug|Win32
		{E6CF8D9C-138F-4940-B1F2-BE5F369F4034}.Unicode Debug|x86.Build.0 = Debug|Win32
		{E6CF8D9C-138F-4940-B1F2-BE5F369F4034}.Unicode Release|x86.ActiveCfg = Release|Win32
		{E6CF8D9C-138F-4940-B1F2-BE5F369F4034}.Unicode Release|x86.Build.0 = Release|Win32
		{498F506A-B4A6-41C7-897F-5327D3557E5A}.Debug_RTL_dll|x86.ActiveCfg = Debug|Win32
		{498F506A-B4A6-41C7-897F-5327D3557E5A}.Debug_RTL_dll|x86.Build.0 = Debug|Win32
		{498F506A-B4A6-41C7-897F-5327D3557E5A}.Debug_WM5_PPC_ARM|x86.ActiveCfg = Debug|Win32
		{498F506A-B4A6-41C7-897F-5327D3557E5A}.Debug_WM5_PPC_ARM|x86.Build.0 = Debug|Win32
		{498F506A-B4A6-41C7-897F-5327D3557E5A}.Debug|x86.ActiveCfg = Debug|Win32
		{498F506A-B4A6-41C7-897F-5327D3557E5A}.Debug|x86.Build.0 = Debug|Win32
		{498F506A-B4A6-41C7-897F-5327D3557E5A}.Release_Dynamic|x86.ActiveCfg = Release|Win32
		{498F506A-B4A6-41C7-897F-5327D3557E5A}.Release_Dynamic|x86.Build.0 = Release|Win32
		{498F506A-B4A6-41C7-897F-5327D3557E5A}.Release_RTL_dll|x86.ActiveCfg = Release|Win32
		{498F506A-B4A6-41C7-897F-5327D3557E5A}.Release_RTL_dll|x86.Build.0 = Release|Win32
		{498F506A-B4A6-41C7-897F-5327D3557E5A}.Release_SSE|x86.ActiveCfg = Release|Win32
		{498F506A-B4A6-41C7-897F-5327D3557E5A}.Release_SSE|x86.Build.0 = Release|Win32
		{498F506A-B4A6-41C7-897F-5327D3557E5A}.Release_SSE2|x86.ActiveCfg = Release|Win32
		{498F506A-B4A6-41C7-897F-5327D3557E5A}.Release_SSE2|x86.Build.0 = Release|Win32
		{498F506A-B4A6-41C7-897F-5327D3557E5A}.Release_WM5_PPC_ARM|x86.ActiveCfg = Release|Win32
		{498F506A-B4A6-41C7-897F-5327D3557E5A}.Release_WM5_PPC_ARM|x86.Build.0 = Release|Win32
		{498F506A-B4A6-41C7-897F-5327D3557E5A}.Release|x86.ActiveCfg = Release|Win32
		{498F506A-B4A6-41C7-897F-5327D3557E5A}.Release|x86.Build.0 = Release|Win32
		{498F506A-B4A6-41C7-897F-5327D3557E5A}.Template|x86.ActiveCfg = Release|Win32
		{498F506A-B4A6-41C7-897F-5327D3557E5A}.Template|x86.Build.0 = Release|Win32
		{498F506A-B4A6-41C7-897F-5327D3557E5A}.Unicode Debug|x86.ActiveCfg = Debug|Win32
		{498F506A-B4A6-41C7-897F-5327D3557E5A}.Unicode Debug|x86.Build.0 = Debug|Win32
		{498F506A-B4A6-41C7-897F-5327D3557E5A}.Unicode Release|x86.ActiveCfg = Release|Win32
		{498F506A-B4A6-41C7-897F-5327D3557E5A}.Unicode Release|x86.Build.0 = Release|Win32
		{ADC08350-16C5-4822-A04A-1AD5133CF64D}.Debug_RTL_dll|x86.ActiveCfg = Debug|Win32
		{ADC08350-16C5-4822-A04A-1AD5133CF64D}.Debug_RTL_dll|x86.Build.0 = Debug|Win32
		{ADC08350-16C5-4822-A04A-1AD5133CF64D}.Debug_WM5_PPC_ARM|x86.ActiveCfg = Debug|Win32
		{ADC08350-16C5-4822-A04A-1AD5133CF64D}.Debug_WM5_PPC_ARM|x86.Build.0 = Debug|Win32
		{ADC08350-16C5-4822-A04A-1AD5133CF64D}.Debug|x86.ActiveCfg = Debug|Win32
		{ADC08350-16C5-4822-A04A-1AD5133CF64D}.Debug|x86.Build.0 = Debug|Win32
		{ADC08350-16C5-4822-A04A-1AD5133CF64D}.Release_Dynamic|x86.ActiveCfg = Release|Win32
		{ADC08350-16C5-4822-A04A-1AD5133CF64D}.Release_Dynamic|x86.Build.0 = Release|Win32
		{ADC08350-16C5-4822-A04A-1AD5133CF64D}.Release_RTL_dll|x86.ActiveCfg = Release|Win32
		{ADC08350-16C5-4822-A04A-1AD5133CF64D}.Release_RTL_dll|x86.Build.0 = Release|Win32
		{ADC08350-16C5-4822-A04A-1AD5133CF64D}.Release_SSE|x86.ActiveCfg = Release|Win32
		{ADC08350-16C5-4822-A04A-1AD5133CF64D}.Release_SSE|x86.Build.0 = Release|Win32
		{ADC08350-16C5-4822-A04A-1AD5133CF64D}.Release_SSE2|x86.ActiveCfg = Release|Win32
		{ADC08350-16C5-4822-A04A-1AD5133CF64D}.Release_SSE2|x86.Build.0 = Release|Win32
		{ADC08350-16C5-4822-A04A-1AD5133CF64D}.Release_WM5_PPC_ARM|x86.ActiveCfg = Release|Win32
		{ADC08350-16C5-4822-A04A-1AD5133CF64D}.Release_WM5_PPC_ARM|x86.Build.0 = Release|Win32
		{ADC08350-16C5-4822-A04A-1AD5133CF64D}.Release|x86.ActiveCfg = Release|Win32
		{ADC08350-16C5-4822-A04A-1AD5133CF64D}.Release|x86.Build.0 = Release|Win32
		{ADC08350-16C5-4822-A04A-1AD5133CF64D}.Template|x86.ActiveCfg = Release|Win32
		{ADC08350-16C5-4822-A04A-1AD5133CF64D}.Template|x86.Build.0 = Release|Win32
		{ADC08350-16C5-4822-A04A-1AD5133CF64D}.Unicode Debug|x86.ActiveCfg = Debug|Win32
		{ADC08350-16C5-4822-A04A-1AD5133CF64D}.Unicode Debug|x86.Build.0 = Debug|Win32
		{ADC08350-16C5-4822-A04A-1AD5133CF64D}.Unicode Release|x86.ActiveCfg = Release|Win32
		{ADC08350-16C5-4822-A04A-1AD5133CF64D}.Unicode Release|x86.Build.0 = Release|Win32
		{E6B3FC4E-7F99-47F1-A57E-55ED2F3863A8}.Debug_RTL_dll|x86.ActiveCfg = Debug|Win32
		{E6B3FC4E-7F99-47F1-A57E-55ED2F3863A8}.Debug_RTL_dll|x86.Build.0 = Debug|Win32
		{E6B3FC4E-7F99-47F1-A57E-55ED2F3863A8}.Debug_WM5_PPC_ARM|x86.ActiveCfg = Debug|Win32
		{E6B3FC4E-7F99-47F1-A57E-55ED2F3863A8}.Debug_WM5_PPC_ARM|x86.Build.0 = Debug|Win32
		{E6B3FC4E-7F99-47F1-A57E-55ED2F3863A8}.Debug|x86.ActiveCfg = Debug|Win32
		{E6B3FC4E-7F99-47F1-A57E-55ED2F3863A8}.Debug|x86.Build.0 = Debug|Win32
		{E6B3FC4E-7F99-47F1-A57E-55ED2F3863A8}.Release_Dynamic|x86.ActiveCfg = Release|Win32
		{E6B3FC4E-7F99-47F1-A57E-55ED2F3863A8}.Release_Dynamic|x86.Build.0 = Release|Win32
		{E6B3FC4E-7F99-47F1-A57E-55ED2F3863A8}.Release_RTL_dll|x86.ActiveCfg = Release|Win32
		{E6B3FC4E-7F99-47F1-A57E-55ED2F3863A8}.Release_RTL_dll|x86.Build.0 = Release|Win32
		{E6B3FC4E-7F99-47F1-A57E-55ED2F3863A8}.Release_SSE|x86.ActiveCfg = Release|Win32
		{E6B3FC4E-7F99-47F1-A57E-55ED2F3863A8}.Release_SSE|x86.Build.0 = Release|Win32
		{E6B3FC4E-7F99-47F1-A57E-55ED2F3863A8}.Release_SSE2|x86.ActiveCfg = Release|Win32
		{E6B3FC4E-7F99-47F1-A57E-55ED2F3863A8}.Release_SSE2|x86.Build.0 = Release|Win32
		{E6B3FC4E-7F99-47F1-A57E-55ED2F3863A8}.Release_WM5_PPC_ARM|x86.ActiveCfg = Release|Win32
		{E6B3FC4E-7F99-47F1-A57E-55ED2F3863A8}.Release_WM5_PPC_ARM|x86.Build.0 = Release|Win32
		{E6B3FC4E-7F99-47F1-A57E-55ED2F3863A8}.Release|x86.ActiveCfg = Release|Win32
		{E6B3FC4E-7F99-47F1-A57E-55ED2F3863A8}.Release|x86.Build.0 = Release|Win32
		{E6B3FC4E-7F99-47F1-A57E-55ED2F3863A8}.Template|x86.ActiveCfg = Release|Win32
		{E6B3FC4E-7F99-47F1-A57E-55ED2F3863A8}.Template|x86.Build.0 = Release|Win32
		{E6B3FC4E-7F99-47F1-A57E-55ED2F3863A8}.Unicode Debug|x86.ActiveCfg = Debug|Win32
		{E6B3FC4E-7F99-47F1-A57E-55ED2F3863A8}.Unicode Debug|x86.Build.0 = Debug|Win32
		{E6B3FC4E-7F99-47F1-A57E-55ED2F3863A8}.Unicode Release|x86.ActiveCfg = Release|Win32
		{E6B3FC4E-7F99-47F1-A57E-55ED2F3863A8}.Unicode Release|x86.Build.0 = Release|Win32
		{053EC363-5360-4CE4-B476-A5108293C5FA}.Debug_RTL_dll|x86.ActiveCfg = Debug|Win32
		{053EC363-5360-4CE4-B476-A5108293C5FA}.Debug_RTL_dll|x86.Build.0 = Debug|Win32
		{053EC363-5360-4CE4-B476-A5108293C5FA}.Debug_WM5_PPC_ARM|x86.ActiveCfg = Debug|Win32
		{053EC363-5360-4CE4-B476-A5108293C5FA}.Debug_WM5_PPC_ARM|x86.Build.0 = Debug|Win32
		{053EC363-5360-4CE4-B476-A5108293C5FA}.Debug|x86.ActiveCfg = Debug|Win32
		{053EC363-5360-4CE4-B476-A5108293C5FA}.Debug|x86.Build.0 = Debug|Win32
		{053EC363-5360-4CE4-B476-A5108293C5FA}.Release_Dynamic|x86.ActiveCfg = Release|Win32
		{053EC363-5360-4CE4-B476-A5108293C5FA}.Release_Dynamic|x86.Build.0 = Release|Win32
		{053EC363-5360-4CE4-B476-A5108293C5FA}.Release_RTL_dll|x86.ActiveCfg = Release|Win32
		{053EC363-5360-4CE4-B476-A5108293C5FA}.Release_RTL_dll|x86.Build.0 = Release|Win32
		{053EC363-5360-4CE4-B476-A5108293C5FA}.Release_SSE|x86.ActiveCfg = Release|Win32
		{053EC363-5360-4CE4-B476-A5108293C5FA}.Release_SSE|x86.Build.0 = Release|Win32
		{053EC363-5360-4CE4-B476-A5108293C5FA}.Release_SSE2|x86.ActiveCfg = Release|Win32
		{053EC363-5360-4CE4-B476-A5108293C5FA}.Release_SSE2|x86.Build.0 = Release|Win32
		{053EC363-5360-4CE4-B476-A5108293C5FA}.Release_WM5_PPC_ARM|x86.ActiveCfg = Release|Win32
		{053EC363-5360-4CE4-B476-A5108293C5FA}.Release_WM5_PPC_ARM|x86.Build.0 = Release|Win32
		{053EC363-5360-4CE4-B476-A5108293C5FA}.Release|x86.ActiveCfg = Release|Win32
		{053EC363-5360-4CE4-B476-A5108293C5FA}.Release|x86.Build.0 = Release|Win32
		{053EC363-5360-4CE4-B476-A5108293C5FA}.Template|x86.ActiveCfg = Unicode Release|Win32
		{053EC363-5360-4CE4-B476-A5108293C5FA}.Template|x86.Build.0 = Unicode Release|Win32
		{053EC363-5360-4CE4-B476-A5108293C5FA}.Unicode Debug|x86.ActiveCfg = Unicode Debug|Win32
		{053EC363-5360-4CE4-B476-A5108293C5FA}.Unicode Debug|x86.Build.0 = Unicode Debug|Win32
		{053EC363-5360-4CE4-B476-A5108293C5FA}.Unicode Release|x86.ActiveCfg = Unicode Release|Win32
		{053EC363-5360-4CE4-B476-A5108293C5FA}.Unicode Release|x86.Build.0 = Unicode Release|Win32
		{A982C0BF-D9A9-4CB3-91EA-C4D95CD96361}.Debug_RTL_dll|x86.ActiveCfg = Debug|Win32
		{A982C0BF-D9A9-4CB3-91EA-C4D95CD96361}.Debug_RTL_dll|x86.Build.0 = Debug|Win32
		{A982C0BF-D9A9-4CB3-91EA-C4D95CD96361}.Debug_WM5_PPC_ARM|x86.ActiveCfg = Debug|Win32
		{A982C0BF-D9A9-4CB3-91EA-C4D95CD96361}.Debug_WM5_PPC_ARM|x86.Build.0 = Debug|Win32
		{A982C0BF-D9A9-4CB3-91EA-C4D95CD96361}.Debug|x86.ActiveCfg = Debug|Win32
		{A982C0BF-D9A9-4CB3-91EA-C4D95CD96361}.Debug|x86.Build.0 = Debug|Win32
		{A982C0BF-D9A9-4CB3-91EA-C4D95CD96361}.Release_Dynamic|x86.ActiveCfg = Release|Win32
		{A982C0BF-D9A9-4CB3-91EA-C4D95CD96361}.Release_Dynamic|x86.Build.0 = Release|Win32
		{A982C0BF-D9A9-4CB3-91EA-C4D95CD96361}.Release_RTL_dll|x86.ActiveCfg = Release|Win32
		{A982C0BF-D9A9-4CB3-91EA-C4D95CD96361}.Release_RTL_dll|x86.Build.0 = Release|Win32
		{A982C0BF-D9A9-4CB3-91EA-C4D95CD96361}.Release_SSE|x86.ActiveCfg = Release|Win32
		{A982C0BF-D9A9-4CB3-91EA-C4D95CD96361}.Release_SSE|x86.Build.0 = Release|Win32
		{A982C0BF-D9A9-4CB3-91EA-C4D95CD96361}.Release_SSE2|x86.ActiveCfg = Release|Win32
		{A982C0BF-D9A9-4CB3-91EA-C4D95CD96361}.Release_SSE2|x86.Build.0 = Release|Win32
		{A982C0BF-D9A9-4CB3-91EA-C4D95CD96361}.Release_WM5_PPC_ARM|x86.ActiveCfg = Release|Win32
		{A982C0BF-D9A9-4CB3-91EA-C4D95CD96361}.Release_WM5_PPC_ARM|x86.Build.0 = Release|Win32
		{A982C0BF-D9A9-4CB3-91EA-C4D95CD96361}.Release|x86.ActiveCfg = Release|Win32
		{A982C0BF-D9A9-4CB3-91EA-C4D95CD96361}.Release|x86.Build.0 = Release|Win32
		{A982C0BF-D9A9-4CB3-91EA-C4D95CD96361}.Template|x86.ActiveCfg = Release|Win32
		{A982C0BF-D9A9-4CB3-91EA-C4D95CD96361}.Template|x86.Build.0 = Release|Win32
		{A982C0BF-D9A9-4CB3-91EA-C4D95CD96361}.Unicode Debug|x86.ActiveCfg = Debug|Win32
		{A982C0BF-D9A9-4CB3-91EA-C4D95CD96361}.Unicode Debug|x86.Build.0 = Debug|Win32
		{A982C0BF-D9A9-4CB3-91EA-C4D95CD96361}.Unicode Release|x86.ActiveCfg = Release|Win32
		{A982C0BF-D9A9-4CB3-91EA-C4D95CD96361}.Unicode Release|x86.Build.0 = Release|Win32
		{1CE7906B-6082-4042-B34F-9373D77DB425}.Debug_RTL_dll|x86.ActiveCfg = Debug|Win32
		{1CE7906B-6082-4042-B34F-9373D77DB425}.Debug_RTL_dll|x86.Build.0 = Debug|Win32
		{1CE7906B-6082-4042-B34F-9373D77DB425}.Debug_WM5_PPC_ARM|x86.ActiveCfg = Debug|Win32
		{1CE7906B-6082-4042-B34F-9373D77DB425}.Debug_WM5_PPC_ARM|x86.Build.0 = Debug|Win32
		{1CE7906B-6082-4042-B34F-9373D77DB425}.Debug|x86.ActiveCfg = Debug|Win32
		{1CE7906B-6082-4042-B34F-9373D77DB425}.Debug|x86.Build.0 = Debug|Win32
		{1CE7906B-6082-4042-B34F-9373D77DB425}.Release_Dynamic|x86.ActiveCfg = Release|Win32
		{1CE7906B-6082-4042-B34F-9373D77DB425}.Release_Dynamic|x86.Build.0 = Release|Win32
		{1CE7906B-6082-4042-B34F-9373D77DB425}.Release_RTL_dll|x86.ActiveCfg = Release|Win32
		{1CE7906B-6082-4042-B34F-9373D77DB425}.Release_RTL_dll|x86.Build.0 = Release|Win32
		{1CE7906B-6082-4042-B34F-9373D77DB425}.Release_SSE|x86.ActiveCfg = Release|Win32
		{1CE7906B-6082-4042-B34F-9373D77DB425}.Release_SSE|x86.Build.0 = Release|Win32
		{1CE7906B-6082-4042-B34F-9373D77DB425}.Release_SSE2|x86.ActiveCfg = Release|Win32
		{1CE7906B-6082-4042-B34F-9373D77DB425}.Release_SSE2|x86.Build.0 = Release|Win32
		{1CE7906B-6082-4042-B34F-9373D77DB425}.Release_WM5_PPC_ARM|x86.ActiveCfg = Release|Win32
		{1CE7906B-6082-4042-B34F-9373D77DB425}.Release_WM5_PPC_ARM|x86.Build.0 = Release|Win32
		{1CE7906B-6082-4042-B34F-9373D77DB425}.Release|x86.ActiveCfg = Release|Win32
		{1CE7906B-6082-4042-B34F-9373D77DB425}.Release|x86.Build.0 = Release|Win32
		{1CE7906B-6082-4042-B34F-9373D77DB425}.Template|x86.ActiveCfg = Release|Win32
		{1CE7906B-6082-4042-B34F-9373D77DB425}.Template|x86.Build.0 = Release|Win32
		{1CE7906B-6082-4042-B34F-9373D77DB425}.Unicode Debug|x86.ActiveCfg = Debug|Win32
		{1CE7906B-6082-4042-B34F-9373D77DB425}.Unicode Debug|x86.Build.0 = Debug|Win32
		{1CE7906B-6082-4042-B34F-9373D77DB425}.Unicode Release|x86.ActiveCfg = Release|Win32
		{1CE7906B-6082-4042-B34F-9373D77DB425}.Unicode Release|x86.Build.0 = Release|Win32
		{1DDD5585-F0E6-45F3-92D6-BC671A9BA4E6}.Debug_RTL_dll|x86.ActiveCfg = Debug|Win32
		{1DDD5585-F0E6-45F3-92D6-BC671A9BA4E6}.Debug_RTL_dll|x86.Build.0 = Debug|Win32
		{1DDD5585-F0E6-45F3-92D6-BC671A9BA4E6}.Debug_WM5_PPC_ARM|x86.ActiveCfg = Debug|Win32
		{1DDD5585-F0E6-45F3-92D6-BC671A9BA4E6}.Debug_WM5_PPC_ARM|x86.Build.0 = Debug|Win32
		{1DDD5585-F0E6-45F3-92D6-BC671A9BA4E6}.Debug|x86.ActiveCfg = Debug|Win32
		{1DDD5585-F0E6-45F3-92D6-BC671A9BA4E6}.Debug|x86.Build.0 = Debug|Win32
		{1DDD5585-F0E6-45F3-92D6-BC671A9BA4E6}.Release_Dynamic|x86.ActiveCfg = Release|Win32
		{1DDD5585-F0E6-45F3-92D6-BC671A9BA4E6}.Release_Dynamic|x86.Build.0 = Release|Win32
		{1DDD5585-F0E6-45F3-92D6-BC671A9BA4E6}.Release_RTL_dll|x86.ActiveCfg = Release|Win32
		{1DDD5585-F0E6-45F3-92D6-BC671A9BA4E6}.Release_RTL_dll|x86.Build.0 = Release|Win32
		{1DDD5585-F0E6-45F3-92D6-BC671A9BA4E6}.Release_SSE|x86.ActiveCfg = Release|Win32
		{1DDD5585-F0E6-45F3-92D6-BC671A9BA4E6}.Release_SSE|x86.Build.0 = Release|Win32
		{1DDD5585-F0E6-45F3-92D6-BC671A9BA4E6}.Release_SSE2|x86.ActiveCfg = Release|Win32
		{1DDD5585-F0E6-45F3-92D6-BC671A9BA4E6}.Release_SSE2|x86.Build.0 = Release|Win32
		{1DDD5585-F0E6-45F3-92D6-BC671A9BA4E6}.Release_WM5_PPC_ARM|x86.ActiveCfg = Release|Win32
		{1DDD5585-F0E6-45F3-92D6-BC671A9BA4E6}.Release_WM5_PPC_ARM|x86.Build.0 = Release|Win32
		{1DDD5585-F0E6-45F3-92D6-BC671A9BA4E6}.Release|x86.ActiveCfg = Release|Win32
		{1DDD5585-F0E6-45F3-92D6-BC671A9BA4E6}.Release|x86.Build.0 = Release|Win32
		{1DDD5585-F0E6-45F3-92D6-BC671A9BA4E6}.Template|x86.ActiveCfg = Release|Win32
		{1DDD5585-F0E6-45F3-92D6-BC671A9BA4E6}.Template|x86.Build.0 = Release|Win32
		{1DDD5585-F0E6-45F3-92D6-BC671A9BA4E6}.Unicode Debug|x86.ActiveCfg = Debug|Win32
		{1DDD5585-F0E6-45F3-92D6-BC671A9BA4E6}.Unicode Debug|x86.Build.0 = Debug|Win32
		{1DDD5585-F0E6-45F3-92D6-BC671A9BA4E6}.Unicode Release|x86.ActiveCfg = Release|Win32
		{1DDD5585-F0E6-45F3-92D6-BC671A9BA4E6}.Unicode Release|x86.Build.0 = Release|Win32
		{48BE03E2-3540-4386-BC9E-7E4B9F35135F}.Debug_RTL_dll|x86.ActiveCfg = Debug|Win32
		{48BE03E2-3540-4386-BC9E-7E4B9F35135F}.Debug_RTL_dll|x86.Build.0 = Debug|Win32
		{48BE03E2-3540-4386-BC9E-7E4B9F35135F}.Debug_WM5_PPC_ARM|x86.ActiveCfg = Debug|Win32
		{48BE03E2-3540-4386-BC9E-7E4B9F35135F}.Debug_WM5_PPC_ARM|x86.Build.0 = Debug|Win32
		{48BE03E2-3540-4386-BC9E-7E4B9F35135F}.Debug|x86.ActiveCfg = Debug|Win32
		{48BE03E2-3540-4386-BC9E-7E4B9F35135F}.Debug|x86.Build.0 = Debug|Win32
		{48BE03E2-3540-4386-BC9E-7E4B9F35135F}.Release_Dynamic|x86.ActiveCfg = Release|Win32
		{48BE03E2-3540-4386-BC9E-7E4B9F35135F}.Release_Dynamic|x86.Build.0 = Release|Win32
		{48BE03E2-3540-4386-BC9E-7E4B9F35135F}.Release_RTL_dll|x86.ActiveCfg = Release|Win32
		{48BE03E2-3540-4386-BC9E-7E4B9F35135F}.Release_RTL_dll|x86.Build.0 = Release|Win32
		{48BE03E2-3540-4386-BC9E-7E4B9F35135F}.Release_SSE|x86.ActiveCfg = Release|Win32
		{48BE03E2-3540-4386-BC9E-7E4B9F35135F}.Release_SSE|x86.Build.0 = Release|Win32
		{48BE03E2-3540-4386-BC9E-7E4B9F35135F}.Release_SSE2|x86.ActiveCfg = Release|Win32
		{48BE03E2-3540-4386-BC9E-7E4B9F35135F}.Release_SSE2|x86.Build.0 = Release|Win32
		{48BE03E2-3540-4386-BC9E-7E4B9F35135F}.Release_WM5_PPC_ARM|x86.ActiveCfg = Release|Win32
		{48BE03E2-3540-4386-BC9E-7E4B9F35135F}.Release_WM5_PPC_ARM|x86.Build.0 = Release|Win32
		{48BE03E2-3540-4386-BC9E-7E4B9F35135F}.Release|x86.ActiveCfg = Release|Win32
		{48BE03E2-3540-4386-BC9E-7E4B9F35135F}.Release|x86.Build.0 = Release|Win32
		{48BE03E2-3540-4386-BC9E-7E4B9F35135F}.Template|x86.ActiveCfg = Release|Win32
		{48BE03E2-3540-4386-BC9E-7E4B9F35135F}.Template|x86.Build.0 = Release|Win32
		{48BE03E2-3540-4386-BC9E-7E4B9F35135F}.Unicode Debug|x86.ActiveCfg = Debug|Win32
		{48BE03E2-3540-4386-BC9E-7E4B9F35135F}.Unicode Debug|x86.Build.0 = Debug|Win32
		{48BE03E2-3540-4386-BC9E-7E4B9F35135F}.Unicode Release|x86.ActiveCfg = Release|Win32
		{48BE03E2-3540-4386-BC9E-7E4B9F35135F}.Unicode Release|x86.Build.0 = Release|Win32
		{666F1A4F-216F-40D3-900F-7BAA3FEC31A9}.Debug_RTL_dll|x86.ActiveCfg = Debug|Win32
		{666F1A4F-216F-40D3-900F-7BAA3FEC31A9}.Debug_RTL_dll|x86.Build.0 = Debug|Win32
		{666F1A4F-216F-40D3-900F-7BAA3FEC31A9}.Debug_WM5_PPC_ARM|x86.ActiveCfg = Debug|Win32
		{666F1A4F-216F-40D3-900F-7BAA3FEC31A9}.Debug_WM5_PPC_ARM|x86.Build.0 = Debug|Win32
		{666F1A4F-216F-40D3-900F-7BAA3FEC31A9}.Debug|x86.ActiveCfg = Debug|Win32
		{666F1A4F-216F-40D3-900F-7BAA3FEC31A9}.Debug|x86.Build.0 = Debug|Win32
		{666F1A4F-216F-40D3-900F-7BAA3FEC31A9}.Release_Dynamic|x86.ActiveCfg = Release|Win32
		{666F1A4F-216F-40D3-900F-7BAA3FEC31A9}.Release_Dynamic|x86.Build.0 = Release|Win32
		{666F1A4F-216F-40D3-900F-7BAA3FEC31A9}.Release_RTL_dll|x86.ActiveCfg = Release|Win32
		{666F1A4F-216F-40D3-900F-7BAA3FEC31A9}.Release_RTL_dll|x86.Build.0 = Release|Win32
		{666F1A4F-216F-40D3-900F-7BAA3FEC31A9}.Release_SSE|x86.ActiveCfg = Release|Win32
		{666F1A4F-216F-40D3-900F-7BAA3FEC31A9}.Release_SSE|x86.Build.0 = Release|Win32
		{666F1A4F-216F-40D3-900F-7BAA3FEC31A9}.Release_SSE2|x86.ActiveCfg = Release|Win32
		{666F1A4F-216F-40D3-900F-7BAA3FEC31A9}.Release_SSE2|x86.Build.0 = Release|Win32
		{666F1A4F-216F-40D3-900F-7BAA3FEC31A9}.Release_WM5_PPC_ARM|x86.ActiveCfg = Release|Win32
		{666F1A4F-216F-40D3-900F-7BAA3FEC31A9}.Release_WM5_PPC_ARM|x86.Build.0 = Release|Win32
		{666F1A4F-216F-40D3-900F-7BAA3FEC31A9}.Release|x86.ActiveCfg = Release|Win32
		{666F1A4F-216F-40D3-900F-7BAA3FEC31A9}.Release|x86.Build.0 = Release|Win32
		{666F1A4F-216F-40D3-900F-7BAA3FEC31A9}.Template|x86.ActiveCfg = Release|Win32
		{666F1A4F-216F-40D3-900F-7BAA3FEC31A9}.Template|x86.Build.0 = Release|Win32
		{666F1A4F-216F-40D3-900F-7BAA3FEC31A9}.Unicode Debug|x86.ActiveCfg = Debug|Win32
		{666F1A4F-216F-40D3-900F-7BAA3FEC31A9}.Unicode Debug|x86.Build.0 = Debug|Win32
		{666F1A4F-216F-40D3-900F-7BAA3FEC31A9}.Unicode Release|x86.ActiveCfg = Release|Win32
		{666F1A4F-216F-40D3-900F-7BAA3FEC31A9}.Unicode Release|x86.Build.0 = Release|Win32
		{4E864039-AD93-4493-ACDE-836F3C15E240}.Debug_RTL_dll|x86.ActiveCfg = Debug|Win32
		{4E864039-AD93-4493-ACDE-836F3C15E240}.Debug_RTL_dll|x86.Build.0 = Debug|Win32
		{4E864039-AD93-4493-ACDE-836F3C15E240}.Debug_WM5_PPC_ARM|x86.ActiveCfg = Debug|Win32
		{4E864039-AD93-4493-ACDE-836F3C15E240}.Debug_WM5_PPC_ARM|x86.Build.0 = Debug|Win32
		{4E864039-AD93-4493-ACDE-836F3C15E240}.Debug|x86.ActiveCfg = Debug|Win32
		{4E864039-AD93-4493-ACDE-836F3C15E240}.Debug|x86.Build.0 = Debug|Win32
		{4E864039-AD93-4493-ACDE-836F3C15E240}.Release_Dynamic|x86.ActiveCfg = Release|Win32
		{4E864039-AD93-4493-ACDE-836F3C15E240}.Release_Dynamic|x86.Build.0 = Release|Win32
		{4E864039-AD93-4493-ACDE-836F3C15E240}.Release_RTL_dll|x86.ActiveCfg = Release|Win32
		{4E864039-AD93-4493-ACDE-836F3C15E240}.Release_RTL_dll|x86.Build.0 = Release|Win32
		{4E864039-AD93-4493-ACDE-836F3C15E240}.Release_SSE|x86.ActiveCfg = Release|Win32
		{4E864039-AD93-4493-ACDE-836F3C15E240}.Release_SSE|x86.Build.0 = Release|Win32
		{4E864039-AD93-4493-ACDE-836F3C15E240}.Release_SSE2|x86.ActiveCfg = Release|Win32
		{4E864039-AD93-4493-ACDE-836F3C15E240}.Release_SSE2|x86.Build.0 = Release|Win32
		{4E864039-AD93-4493-ACDE-836F3C15E240}.Release_WM5_PPC_ARM|x86.ActiveCfg = Release|Win32
		{4E864039-AD93-4493-ACDE-836F3C15E240}.Release_WM5_PPC_ARM|x86.Build.0 = Release|Win32
		{4E864039-AD93-4493-ACDE-836F3C15E240}.Release|x86.ActiveCfg = Release|Win32
		{4E864039-AD93-4493-ACDE-836F3C15E240}.Release|x86.Build.0 = Release|Win32
		{4E864039-AD93-4493-ACDE-836F3C15E240}.Template|x86.ActiveCfg = Release|Win32
		{4E864039-AD93-4493-ACDE-836F3C15E240}.Template|x86.Build.0 = Release|Win32
		{4E864039-AD93-4493-ACDE-836F3C15E240}.Unicode Debug|x86.ActiveCfg = Debug|Win32
		{4E864039-AD93-4493-ACDE-836F3C15E240}.Unicode Debug|x86.Build.0 = Debug|Win32
		{4E864039-AD93-4493-ACDE-836F3C15E240}.Unicode Release|x86.ActiveCfg = Release|Win32
		{4E864039-AD93-4493-ACDE-836F3C15E240}.Unicode Release|x86.Build.0 = Release|Win32
		{CB6F5752-72AA-4F19-957A-BAC6EE1002A9}.Debug_RTL_dll|x86.ActiveCfg = Debug|Win32
		{CB6F5752-72AA-4F19-957A-BAC6EE1002A9}.Debug_RTL_dll|x86.Build.0 = Debug|Win32
		{CB6F5752-72AA-4F19-957A-BAC6EE1002A9}.Debug_WM5_PPC_ARM|x86.ActiveCfg = Debug|Win32
		{CB6F5752-72AA-4F19-957A-BAC6EE1002A9}.Debug_WM5_PPC_ARM|x86.Build.0 = Debug|Win32
		{CB6F5752-72AA-4F19-957A-BAC6EE1002A9}.Debug|x86.ActiveCfg = Debug|Win32
		{CB6F5752-72AA-4F19-957A-BAC6EE1002A9}.Debug|x86.Build.0 = Debug|Win32
		{CB6F5752-72AA-4F19-957A-BAC6EE1002A9}.Release_Dynamic|x86.ActiveCfg = Release|Win32
		{CB6F5752-72AA-4F19-957A-BAC6EE1002A9}.Release_Dynamic|x86.Build.0 = Release|Win32
		{CB6F5752-72AA-4F19-957A-BAC6EE1002A9}.Release_RTL_dll|x86.ActiveCfg = Release|Win32
		{CB6F5752-72AA-4F19-957A-BAC6EE1002A9}.Release_RTL_dll|x86.Build.0 = Release|Win32
		{CB6F5752-72AA-4F19-957A-BAC6EE1002A9}.Release_SSE|x86.ActiveCfg = Release|Win32
		{CB6F5752-72AA-4F19-957A-BAC6EE1002A9}.Release_SSE|x86.Build.0 = Release|Win32
		{CB6F5752-72AA-4F19-957A-BAC6EE1002A9}.Release_SSE2|x86.ActiveCfg = Release|Win32
		{CB6F5752-72AA-4F19-957A-BAC6EE1002A9}.Release_SSE2|x86.Build.0 = Release|Win32
		{CB6F5752-72AA-4F19-957A-BAC6EE1002A9}.Release_WM5_PPC_ARM|x86.ActiveCfg = Release|Win32
		{CB6F5752-72AA-4F19-957A-BAC6EE1002A9}.Release_WM5_PPC_ARM|x86.Build.0 = Release|Win32
		{CB6F5752-72AA-4F19-957A-BAC6EE1002A9}.Release|x86.ActiveCfg = Release|Win32
		{CB6F5752-72AA-4F19-957A-BAC6EE1002A9}.Release|x86.Build.0 = Release|Win32
		{CB6F5752-72AA-4F19-957A-BAC6EE1002A9}.Template|x86.ActiveCfg = Unicode Release|Win32
		{CB6F5752-72AA-4F19-957A-BAC6EE1002A9}.Template|x86.Build.0 = Unicode Release|Win32
		{CB6F5752-72AA-4F19-957A-BAC6EE1002A9}.Unicode Debug|x86.ActiveCfg = Unicode Debug|Win32
		{CB6F5752-72AA-4F19-957A-BAC6EE1002A9}.Unicode Debug|x86.Build.0 = Unicode Debug|Win32
		{CB6F5752-72AA-4F19-957A-BAC6EE1002A9}.Unicode Release|x86.ActiveCfg = Unicode Release|Win32
		{CB6F5752-72AA-4F19-957A-BAC6EE1002A9}.Unicode Release|x86.Build.0 = Unicode Release|Win32
		{844143D4-0F5E-4943-852C-1FD3DA5F83FF}.Debug_RTL_dll|x86.ActiveCfg = Debug|Win32
		{844143D4-0F5E-4943-852C-1FD3DA5F83FF}.Debug_RTL_dll|x86.Build.0 = Debug|Win32
		{844143D4-0F5E-4943-852C-1FD3DA5F83FF}.Debug_WM5_PPC_ARM|x86.ActiveCfg = Debug|Win32
		{844143D4-0F5E-4943-852C-1FD3DA5F83FF}.Debug_WM5_PPC_ARM|x86.Build.0 = Debug|Win32
		{844143D4-0F5E-4943-852C-1FD3DA5F83FF}.Debug|x86.ActiveCfg = Debug|Win32
		{844143D4-0F5E-4943-852C-1FD3DA5F83FF}.Debug|x86.Build.0 = Debug|Win32
		{844143D4-0F5E-4943-852C-1FD3DA5F83FF}.Release_Dynamic|x86.ActiveCfg = Release|Win32
		{844143D4-0F5E-4943-852C-1FD3DA5F83FF}.Release_Dynamic|x86.Build.0 = Release|Win32
		{844143D4-0F5E-4943-852C-1FD3DA5F83FF}.Release_RTL_dll|x86.ActiveCfg = Release|Win32
		{844143D4-0F5E-4943-852C-1FD3DA5F83FF}.Release_RTL_dll|x86.Build.0 = Release|Win32
		{844143D4-0F5E-4943-852C-1FD3DA5F83FF}.Release_SSE|x86.ActiveCfg = Release|Win32
		{844143D4-0F5E-4943-852C-1FD3DA5F83FF}.Release_SSE|x86.Build.0 = Release|Win32
		{844143D4-0F5E-4943-852C-1FD3DA5F83FF}.Release_SSE2|x86.ActiveCfg = Release|Win32
		{844143D4-0F5E-4943-852C-1FD3DA5F83FF}.Release_SSE2|x86.Build.0 = Release|Win32
		{844143D4-0F5E-4943-852C-1FD3DA5F83FF}.Release_WM5_PPC_ARM|x86.ActiveCfg = Release|Win32
		{844143D4-0F5E-4943-852C-1FD3DA5F83FF}.Release_WM5_PPC_ARM|x86.Build.0 = Release|Win32
		{844143D4-0F5E-4943-852C-1FD3DA5F83FF}.Release|x86.ActiveCfg = Release|Win32
		{844143D4-0F5E-4943-852C-1FD3DA5F83FF}.Release|x86.Build.0 = Release|Win32
		{844143D4-0F5E-4943-852C-1FD3DA5F83FF}.Template|x86.ActiveCfg = Release|Win32
		{844143D4-0F5E-4943-852C-1FD3DA5F83FF}.Template|x86.Build.0 = Release|Win32
		{844143D4-0F5E-4943-852C-1FD3DA5F83FF}.Unicode Debug|x86.ActiveCfg = Debug|Win32
		{844143D4-0F5E-4943-852C-1FD3DA5F83FF}.Unicode Debug|x86.Build.0 = Debug|Win32
		{844143D4-0F5E-4943-852C-1FD3DA5F83FF}.Unicode Release|x86.ActiveCfg = Release|Win32
		{844143D4-0F5E-4943-852C-1FD3DA5F83FF}.Unicode Release|x86.Build.0 = Release|Win32
		{B515ADDA-B172-4AFD-9434-7039AE31B892}.Debug_RTL_dll|x86.ActiveCfg = Debug|Win32
		{B515ADDA-B172-4AFD-9434-7039AE31B892}.Debug_RTL_dll|x86.Build.0 = Debug|Win32
		{B515ADDA-B172-4AFD-9434-7039AE31B892}.Debug_WM5_PPC_ARM|x86.ActiveCfg = Debug|Win32
		{B515ADDA-B172-4AFD-9434-7039AE31B892}.Debug_WM5_PPC_ARM|x86.Build.0 = Debug|Win32
		{B515ADDA-B172-4AFD-9434-7039AE31B892}.Debug|x86.ActiveCfg = Debug|Win32
		{B515ADDA-B172-4AFD-9434-7039AE31B892}.Debug|x86.Build.0 = Debug|Win32
		{B515ADDA-B172-4AFD-9434-7039AE31B892}.Release_Dynamic|x86.ActiveCfg = Release|Win32
		{B515ADDA-B172-4AFD-9434-7039AE31B892}.Release_Dynamic|x86.Build.0 = Release|Win32
		{B515ADDA-B172-4AFD-9434-7039AE31B892}.Release_RTL_dll|x86.ActiveCfg = Release|Win32
		{B515ADDA-B172-4AFD-9434-7039AE31B892}.Release_RTL_dll|x86.Build.0 = Release|Win32
		{B515ADDA-B172-4AFD-9434-7039AE31B892}.Release_SSE|x86.ActiveCfg = Release|Win32
		{B515ADDA-B172-4AFD-9434-7039AE31B892}.Release_SSE|x86.Build.0 = Release|Win32
		{B515ADDA-B172-4AFD-9434-7039AE31B892}.Release_SSE2|x86.ActiveCfg = Release|Win32
		{B515ADDA-B172-4AFD-9434-7039AE31B892}.Release_SSE2|x86.Build.0 = Release|Win32
		{B515ADDA-B172-4AFD-9434-7039AE31B892}.Release_WM5_PPC_ARM|x86.ActiveCfg = Release|Win32
		{B515ADDA-B172-4AFD-9434-7039AE31B892}.Release_WM5_PPC_ARM|x86.Build.0 = Release|Win32
		{B515ADDA-B172-4AFD-9434-7039AE31B892}.Release|x86.ActiveCfg = Release|Win32
		{B515ADDA-B172-4AFD-9434-7039AE31B892}.Release|x86.Build.0 = Release|Win32
		{B515ADDA-B172-4AFD-9434-7039AE31B892}.Template|x86.ActiveCfg = Release|Win32
		{B515ADDA-B172-4AFD-9434-7039AE31B892}.Template|x86.Build.0 = Release|Win32
		{B515ADDA-B172-4AFD-9434-7039AE31B892}.Unicode Debug|x86.ActiveCfg = Debug|Win32
		{B515ADDA-B172-4AFD-9434-7039AE31B892}.Unicode Debug|x86.Build.0 = Debug|Win32
		{B515ADDA-B172-4AFD-9434-7039AE31B892}.Unicode Release|x86.ActiveCfg = Release|Win32
		{B515ADDA-B172-4AFD-9434-7039AE31B892}.Unicode Release|x86.Build.0 = Release|Win32
		{A4DFD8D0-DD9B-436C-83BE-EF6AF411C4C9}.Debug_RTL_dll|x86.ActiveCfg = Debug|Win32
		{A4DFD8D0-DD9B-436C-83BE-EF6AF411C4C9}.Debug_RTL_dll|x86.Build.0 = Debug|Win32
		{A4DFD8D0-DD9B-436C-83BE-EF6AF411C4C9}.Debug_WM5_PPC_ARM|x86.ActiveCfg = Debug|Win32
		{A4DFD8D0-DD9B-436C-83BE-EF6AF411C4C9}.Debug_WM5_PPC_ARM|x86.Build.0 = Debug|Win32
		{A4DFD8D0-DD9B-436C-83BE-EF6AF411C4C9}.Debug|x86.ActiveCfg = Debug|Win32
		{A4DFD8D0-DD9B-436C-83BE-EF6AF411C4C9}.Debug|x86.Build.0 = Debug|Win32
		{A4DFD8D0-DD9B-436C-83BE-EF6AF411C4C9}.Release_Dynamic|x86.ActiveCfg = Release|Win32
		{A4DFD8D0-DD9B-436C-83BE-EF6AF411C4C9}.Release_Dynamic|x86.Build.0 = Release|Win32
		{A4DFD8D0-DD9B-436C-83BE-EF6AF411C4C9}.Release_RTL_dll|x86.ActiveCfg = Release|Win32
		{A4DFD8D0-DD9B-436C-83BE-EF6AF411C4C9}.Release_RTL_dll|x86.Build.0 = Release|Win32
		{A4DFD8D0-DD9B-436C-83BE-EF6AF411C4C9}.Release_SSE|x86.ActiveCfg = Release|Win32
		{A4DFD8D0-DD9B-436C-83BE-EF6AF411C4C9}.Release_SSE|x86.Build.0 = Release|Win32
		{A4DFD8D0-DD9B-436C-83BE-EF6AF411C4C9}.Release_SSE2|x86.ActiveCfg = Release|Win32
		{A4DFD8D0-DD9B-436C-83BE-EF6AF411C4C9}.Release_SSE2|x86.Build.0 = Release|Win32
		{A4DFD8D0-DD9B-436C-83BE-EF6AF411C4C9}.Release_WM5_PPC_ARM|x86.ActiveCfg = Release|Win32
		{A4DFD8D0-DD9B-436C-83BE-EF6AF411C4C9}.Release_WM5_PPC_ARM|x86.Build.0 = Release|Win32
		{A4DFD8D0-DD9B-436C-83BE-EF6AF411C4C9}.Release|x86.ActiveCfg = Release|Win32
		{A4DFD8D0-DD9B-436C-83BE-EF6AF411C4C9}.Release|x86.Build.0 = Release|Win32
		{A4DFD8D0-DD9B-436C-83BE-EF6AF411C4C9}.Template|x86.ActiveCfg = Template|Win32
		{A4DFD8D0-DD9B-436C-83BE-EF6AF411C4C9}.Template|x86.Build.0 = Template|Win32
		{A4DFD8D0-DD9B-436C-83BE-EF6AF411C4C9}.Unicode Debug|x86.ActiveCfg = Debug|Win32
		{A4DFD8D0-DD9B-436C-83BE-EF6AF411C4C9}.Unicode Debug|x86.Build.0 = Debug|Win32
		{A4DFD8D0-DD9B-436C-83BE-EF6AF411C4C9}.Unicode Release|x86.ActiveCfg = Release|Win32
		{A4DFD8D0-DD9B-436C-83BE-EF6AF411C4C9}.Unicode Release|x86.Build.0 = Release|Win32
		{1AB01231-08D1-41C5-829A-6297850B0663}.Debug_RTL_dll|x86.ActiveCfg = Debug|Win32
		{1AB01231-08D1-41C5-829A-6297850B0663}.Debug_RTL_dll|x86.Build.0 = Debug|Win32
		{1AB01231-08D1-41C5-829A-6297850B0663}.Debug_WM5_PPC_ARM|x86.ActiveCfg = Debug|Win32
		{1AB01231-08D1-41C5-829A-6297850B0663}.Debug_WM5_PPC_ARM|x86.Build.0 = Debug|Win32
		{1AB01231-08D1-41C5-829A-6297850B0663}.Debug|x86.ActiveCfg = Debug|Win32
		{1AB01231-08D1-41C5-829A-6297850B0663}.Debug|x86.Build.0 = Debug|Win32
		{1AB01231-08D1-41C5-829A-6297850B0663}.Release_Dynamic|x86.ActiveCfg = Release|Win32
		{1AB01231-08D1-41C5-829A-6297850B0663}.Release_Dynamic|x86.Build.0 = Release|Win32
		{1AB01231-08D1-41C5-829A-6297850B0663}.Release_RTL_dll|x86.ActiveCfg = Release|Win32
		{1AB01231-08D1-41C5-829A-6297850B0663}.Release_RTL_dll|x86.Build.0 = Release|Win32
		{1AB01231-08D1-41C5-829A-6297850B0663}.Release_SSE|x86.ActiveCfg = Release|Win32
		{1AB01231-08D1-41C5-829A-6297850B0663}.Release_SSE|x86.Build.0 = Release|Win32
		{1AB01231-08D1-41C5-829A-6297850B0663}.Release_SSE2|x86.ActiveCfg = Release|Win32
		{1AB01231-08D1-41C5-829A-6297850B0663}.Release_SSE2|x86.Build.0 = Release|Win32
		{1AB01231-08D1-41C5-829A-6297850B0663}.Release_WM5_PPC_ARM|x86.ActiveCfg = Release|Win32
		{1AB01231-08D1-41C5-829A-6297850B0663}.Release_WM5_PPC_ARM|x86.Build.0 = Release|Win32
		{1AB01231-08D1-41C5-829A-6297850B0663}.Release|x86.ActiveCfg = Release|Win32
		{1AB01231-08D1-41C5-829A-6297850B0663}.Release|x86.Build.0 = Release|Win32
		{1AB01231-08D1-41C5-829A-6297850B0663}.Template|x86.ActiveCfg = Unicode Release|Win32
		{1AB01231-08D1-41C5-829A-6297850B0663}.Template|x86.Build.0 = Unicode Release|Win32
		{1AB01231-08D1-41C5-829A-6297850B0663}.Unicode Debug|x86.ActiveCfg = Unicode Debug|Win32
		{1AB01231-08D1-41C5-829A-6297850B0663}.Unicode Debug|x86.Build.0 = Unicode Debug|Win32
		{1AB01231-08D1-41C5-829A-6297850B0663}.Unicode Release|x86.ActiveCfg = Unicode Release|Win32
		{1AB01231-08D1-41C5-829A-6297850B0663}.Unicode Release|x86.Build.0 = Unicode Release|Win32
	EndGlobalSection
	GlobalSection(SolutionProperties) = preSolution
		HideSolutionNode = FALSE
	EndGlobalSection
	GlobalSection(NestedProjects) = preSolution
		{E972C52F-9E85-4D65-B19C-031E511E9DB4} = {E3959DF9-FA3A-4ACF-AB02-50AAE078DD2B}
		{0DC21D1C-D515-43C9-969C-29B89E0A8A20} = {DFAF7262-39B3-454C-8B4E-D88169E5F2B1}
		{98843D8B-9150-4B62-8560-BB9AB8E37926} = {DFAF7262-39B3-454C-8B4E-D88169E5F2B1}
		{DBAE204C-144E-4DA1-8233-80C822524AF9} = {DFAF7262-39B3-454C-8B4E-D88169E5F2B1}
		{18E851E1-4664-45B6-8313-FF9693D1E9AB} = {DFAF7262-39B3-454C-8B4E-D88169E5F2B1}
		{25364C96-DA21-4ED5-AABD-BD3EFAB6357B} = {DFAF7262-39B3-454C-8B4E-D88169E5F2B1}
		{E6CF8D9C-138F-4940-B1F2-BE5F369F4034} = {DFAF7262-39B3-454C-8B4E-D88169E5F2B1}
		{498F506A-B4A6-41C7-897F-5327D3557E5A} = {DFAF7262-39B3-454C-8B4E-D88169E5F2B1}
		{ADC08350-16C5-4822-A04A-1AD5133CF64D} = {DFAF7262-39B3-454C-8B4E-D88169E5F2B1}
		{E6B3FC4E-7F99-47F1-A57E-55ED2F3863A8} = {DFAF7262-39B3-454C-8B4E-D88169E5F2B1}
		{053EC363-5360-4CE4-B476-A5108293C5FA} = {DFAF7262-39B3-454C-8B4E-D88169E5F2B1}
		{A982C0BF-D9A9-4CB3-91EA-C4D95CD96361} = {DFAF7262-39B3-454C-8B4E-D88169E5F2B1}
		{1CE7906B-6082-4042-B34F-9373D77DB425} = {DFAF7262-39B3-454C-8B4E-D88169E5F2B1}
		{1DDD5585-F0E6-45F3-92D6-BC671A9BA4E6} = {DFAF7262-39B3-454C-8B4E-D88169E5F2B1}
		{48BE03E2-3540-4386-BC9E-7E4B9F35135F} = {DFAF7262-39B3-454C-8B4E-D88169E5F2B1}
		{666F1A4F-216F-40D3-900F-7BAA3FEC31A9} = {DFAF7262-39B3-454C-8B4E-D88169E5F2B1}
		{4E864039-AD93-4493-ACDE-836F3C15E240} = {DFAF7262-39B3-454C-8B4E-D88169E5F2B1}
		{CB6F5752-72AA-4F19-957A-BAC6EE1002A9} = {DFAF7262-39B3-454C-8B4E-D88169E5F2B1}
		{844143D4-0F5E-4943-852C-1FD3DA5F83FF} = {DFAF7262-39B3-454C-8B4E-D88169E5F2B1}
		{B515ADDA-B172-4AFD-9434-7039AE31B892} = {DFAF7262-39B3-454C-8B4E-D88169E5F2B1}
		{A4DFD8D0-DD9B-436C-83BE-EF6AF411C4C9} = {DFAF7262-39B3-454C-8B4E-D88169E5F2B1}
		{1AB01231-08D1-41C5-829A-6297850B0663} = {DFAF7262-39B3-454C-8B4E-D88169E5F2B1}
	EndGlobalSection
	GlobalSection(ExtensibilityGlobals) = postSolution
		SolutionGuid = {834F434D-FADB-437A-BF10-69B878F2B6FA}
	EndGlobalSection
EndGlobal
