<?xml version="1.0" encoding="utf-8"?>
<Project ToolsVersion="4.0" xmlns="http://schemas.microsoft.com/developer/msbuild/2003">
  <ItemGroup>
    <Filter Include="Source Files">
      <UniqueIdentifier>{dba41226-6627-464e-800e-dcb73263a71f}</UniqueIdentifier>
      <Extensions>cpp;c;cxx;rc;def;r;odl;idl;hpj;bat</Extensions>
    </Filter>
    <Filter Include="Header Files">
      <UniqueIdentifier>{b5f76de5-780e-4eed-85ac-1488e7da0b7c}</UniqueIdentifier>
      <Extensions>h;hpp;hxx;hm;inl</Extensions>
    </Filter>
  </ItemGroup>
  <ItemGroup>
    <ClCompile Include="..\sc\sciInterface.c">
      <Filter>Source Files</Filter>
    </ClCompile>
    <ClCompile Include="..\sc\sciMain.c">
      <Filter>Source Files</Filter>
    </ClCompile>
    <ClCompile Include="..\sc\sciReport.c">
      <Filter>Source Files</Filter>
    </ClCompile>
    <ClCompile Include="..\sc\sciSerialize.c">
      <Filter>Source Files</Filter>
    </ClCompile>
    <ClCompile Include="..\sc\sciWebServices.c">
      <Filter>Source Files</Filter>
    </ClCompile>
  </ItemGroup>
  <ItemGroup>
    <ClInclude Include="..\sc\sc.h">
      <Filter>Header Files</Filter>
    </ClInclude>
    <ClInclude Include="..\sc\sci.h">
      <Filter>Header Files</Filter>
    </ClInclude>
    <ClInclude Include="..\sc\sciInterface.h">
      <Filter>Header Files</Filter>
    </ClInclude>
    <ClInclude Include="..\sc\sciReport.h">
      <Filter>Header Files</Filter>
    </ClInclude>
    <ClInclude Include="..\sc\sciSerialize.h">
      <Filter>Header Files</Filter>
    </ClInclude>
    <ClInclude Include="..\sc\sciWebServices.h">
      <Filter>Header Files</Filter>
    </ClInclude>
  </ItemGroup>
</Project>