<?xml version="1.0" encoding="utf-8"?>
<Project ToolsVersion="4.0" xmlns="http://schemas.microsoft.com/developer/msbuild/2003">
  <ItemGroup>
    <Filter Include="Source Files">
      <UniqueIdentifier>{dba41226-6627-464e-800e-dcb73263a71f}</UniqueIdentifier>
      <Extensions>cpp;c;cxx;rc;def;r;odl;idl;hpj;bat</Extensions>
    </Filter>
    <Filter Include="Header Files">
      <UniqueIdentifier>{b5f76de5-780e-4eed-85ac-1488e7da0b7c}</UniqueIdentifier>
      <Extensions>h;hpp;hxx;hm;inl</Extensions>
    </Filter>
  </ItemGroup>
  <ItemGroup>
    <ClCompile Include="..\Voice2\gvCodec.c">
      <Filter>Source Files</Filter>
    </ClCompile>
    <ClCompile Include="..\Voice2\gvCustomDevice.c">
      <Filter>Source Files</Filter>
    </ClCompile>
    <ClCompile Include="..\Voice2\gvDevice.c">
      <Filter>Source Files</Filter>
    </ClCompile>
    <ClCompile Include="..\Voice2\gvFrame.c">
      <Filter>Source Files</Filter>
    </ClCompile>
    <ClCompile Include="..\Voice2\gvGSM.c">
      <Filter>Source Files</Filter>
    </ClCompile>
    <ClCompile Include="..\Voice2\gvMain.c">
      <Filter>Source Files</Filter>
    </ClCompile>
    <ClCompile Include="..\Voice2\gvSource.c">
      <Filter>Source Files</Filter>
    </ClCompile>
    <ClCompile Include="..\Voice2\gvSpeex.c">
      <Filter>Source Files</Filter>
    </ClCompile>
    <ClCompile Include="..\Voice2\gvSpeexSpu.c">
      <Filter>Source Files</Filter>
    </ClCompile>
    <ClCompile Include="..\Voice2\gvUtil.c">
      <Filter>Source Files</Filter>
    </ClCompile>
    <ClCompile Include="..\Voice2\gvDirectSound.c">
      <Filter>Source Files</Filter>
    </ClCompile>
  </ItemGroup>
  <ItemGroup>
    <ClInclude Include="..\Voice2\gv.h">
      <Filter>Header Files</Filter>
    </ClInclude>
    <ClInclude Include="..\Voice2\gvCodec.h">
      <Filter>Header Files</Filter>
    </ClInclude>
    <ClInclude Include="..\Voice2\gvCustomDevice.h">
      <Filter>Header Files</Filter>
    </ClInclude>
    <ClInclude Include="..\Voice2\gvDevice.h">
      <Filter>Header Files</Filter>
    </ClInclude>
    <ClInclude Include="..\Voice2\gvDirectSound.h">
      <Filter>Header Files</Filter>
    </ClInclude>
    <ClInclude Include="..\Voice2\gvFrame.h">
      <Filter>Header Files</Filter>
    </ClInclude>
    <ClInclude Include="..\Voice2\gvGSM.h">
      <Filter>Header Files</Filter>
    </ClInclude>
    <ClInclude Include="..\Voice2\gvLogitechPS2Codecs.h">
      <Filter>Header Files</Filter>
    </ClInclude>
    <ClInclude Include="..\Voice2\gvMain.h">
      <Filter>Header Files</Filter>
    </ClInclude>
    <ClInclude Include="..\Voice2\gvOSXAudio.h">
      <Filter>Header Files</Filter>
    </ClInclude>
    <ClInclude Include="..\Voice2\gvPS2Audio.h">
      <Filter>Header Files</Filter>
    </ClInclude>
    <ClInclude Include="..\Voice2\gvPS2Eyetoy.h">
      <Filter>Header Files</Filter>
    </ClInclude>
    <ClInclude Include="..\Voice2\gvPS2Headset.h">
      <Filter>Header Files</Filter>
    </ClInclude>
    <ClInclude Include="..\Voice2\gvPS2Spu2.h">
      <Filter>Header Files</Filter>
    </ClInclude>
    <ClInclude Include="..\Voice2\gvPS3Audio.h">
      <Filter>Header Files</Filter>
    </ClInclude>
    <ClInclude Include="..\Voice2\gvPS3Headset.h">
      <Filter>Header Files</Filter>
    </ClInclude>
    <ClInclude Include="..\Voice2\gvPSPAudio.h">
      <Filter>Header Files</Filter>
    </ClInclude>
    <ClInclude Include="..\Voice2\gvSource.h">
      <Filter>Header Files</Filter>
    </ClInclude>
    <ClInclude Include="..\Voice2\gvSpeex.h">
      <Filter>Header Files</Filter>
    </ClInclude>
    <ClInclude Include="..\Voice2\gvSpeexSpu.h">
      <Filter>Header Files</Filter>
    </ClInclude>
    <ClInclude Include="..\Voice2\gvUtil.h">
      <Filter>Header Files</Filter>
    </ClInclude>
  </ItemGroup>
</Project>