<?xml version="1.0" encoding="utf-8"?>
<Project ToolsVersion="4.0" xmlns="http://schemas.microsoft.com/developer/msbuild/2003">
  <ItemGroup>
    <Filter Include="Source Files">
      <UniqueIdentifier>{90c93465-e1d3-4d0f-9407-677e69cb3c44}</UniqueIdentifier>
      <Extensions>cpp;c;cxx;rc;def;r;odl;idl;hpj;bat</Extensions>
    </Filter>
    <Filter Include="Header Files">
      <UniqueIdentifier>{b3339bb1-a596-4ba4-bf3f-daa6d657effa}</UniqueIdentifier>
      <Extensions>h;hpp;hxx;hm;inl</Extensions>
    </Filter>
    <Filter Include="Gsm">
      <UniqueIdentifier>{ce06833d-1ca2-4d58-a60b-a35c5b294548}</UniqueIdentifier>
    </Filter>
  </ItemGroup>
  <ItemGroup>
    <ClCompile Include="..\gsm-1.0-pl12\src\add.c">
      <Filter>Gsm</Filter>
    </ClCompile>
    <ClCompile Include="..\gsm-1.0-pl12\src\code.c">
      <Filter>Gsm</Filter>
    </ClCompile>
    <ClCompile Include="..\gsm-1.0-pl12\src\debug.c">
      <Filter>Gsm</Filter>
    </ClCompile>
    <ClCompile Include="..\gsm-1.0-pl12\src\decode.c">
      <Filter>Gsm</Filter>
    </ClCompile>
    <ClCompile Include="..\gsm-1.0-pl12\src\gsm_create.c">
      <Filter>Gsm</Filter>
    </ClCompile>
    <ClCompile Include="..\gsm-1.0-pl12\src\gsm_decode.c">
      <Filter>Gsm</Filter>
    </ClCompile>
    <ClCompile Include="..\gsm-1.0-pl12\src\gsm_destroy.c">
      <Filter>Gsm</Filter>
    </ClCompile>
    <ClCompile Include="..\gsm-1.0-pl12\src\gsm_encode.c">
      <Filter>Gsm</Filter>
    </ClCompile>
    <ClCompile Include="..\gsm-1.0-pl12\src\gsm_option.c">
      <Filter>Gsm</Filter>
    </ClCompile>
    <ClCompile Include="..\gsm-1.0-pl12\src\long_term.c">
      <Filter>Gsm</Filter>
    </ClCompile>
    <ClCompile Include="..\gsm-1.0-pl12\src\lpc.c">
      <Filter>Gsm</Filter>
    </ClCompile>
    <ClCompile Include="..\gsm-1.0-pl12\src\preprocess.c">
      <Filter>Gsm</Filter>
    </ClCompile>
    <ClCompile Include="..\gsm-1.0-pl12\src\rpe.c">
      <Filter>Gsm</Filter>
    </ClCompile>
    <ClCompile Include="..\gsm-1.0-pl12\src\short_term.c">
      <Filter>Gsm</Filter>
    </ClCompile>
    <ClCompile Include="..\gsm-1.0-pl12\src\table.c">
      <Filter>Gsm</Filter>
    </ClCompile>
    <ClCompile Include="..\voice2bench.c">
      <Filter>Source Files</Filter>
    </ClCompile>
  </ItemGroup>
  <ItemGroup>
    <ClInclude Include="..\voicesample.h">
      <Filter>Header Files</Filter>
    </ClInclude>
  </ItemGroup>
</Project>